<?xml version="1.0" encoding="UTF-8"?>
<CodeBlocks_project_file>
	<FileVersion major="1" minor="6"/>
	<Project>
		<Option title="Barkhausen_studio"/>
		<Option makefile_is_custom="1"/>
		<Option compiler="gcc"/>
		<Option virtualFolders="CMake Files\;CMake Files\ui\;CMake Files\ui\MainWindow\;CMake Files\ui\MainWindow\acquisition_menu\;CMake Files\ui\current_chart\;CMake Files\ui\command_list\;CMake Files\..\;CMake Files\..\..\;CMake Files\..\..\rpi\;CMake Files\..\..\rpi\qt5.15\;CMake Files\..\..\rpi\qt5.15\lib\;CMake Files\..\..\rpi\qt5.15\lib\cmake\;CMake Files\..\..\rpi\qt5.15\lib\cmake\Qt5\;CMake Files\..\..\rpi\qt5.15\lib\cmake\Qt5Widgets\;CMake Files\..\..\rpi\qt5.15\lib\cmake\Qt5Gui\;CMake Files\..\..\rpi\qt5.15\lib\cmake\Qt5Core\;CMake Files\..\..\rpi\qt5.15\lib\cmake\Qt5Charts\;CMake Files\..\..\..\;CMake Files\..\..\..\..\;CMake Files\..\..\..\..\usr\;CMake Files\..\..\..\..\usr\lib\;CMake Files\..\..\..\..\usr\lib\cmake\;CMake Files\..\..\..\..\usr\lib\cmake\nlohmann_json\;CMake Files\barkhausen_studio\;CMake Files\barkhausen_studio\kernel\;CMake Files\barkhausen_studio\kernel\api\;CMake Files\barkhausen_studio\kernel\command_multiplexer\;CMake Files\barkhausen_studio\kernel\measurement_devices\;CMake Files\barkhausen_studio\kernel\measurement_devices\measurement_device\;CMake Files\barkhausen_studio\kernel\measurement_devices\measurement_device\measurement_device_core_interface\;CMake Files\barkhausen_studio\kernel\measurement_devices\measurement_device\usbtmc\;CMake Files\barkhausen_studio\kernel\measurement_devices\measurement_device\usbtmc_device_finder\;CMake Files\barkhausen_studio\kernel\measurement_devices\command_list\;CMake Files\barkhausen_studio\kernel\command_creator\;CMake Files\barkhausen_studio\exceptions\;CMake Files\barkhausen_studio\utility\;CMake Files\barkhausen_studio\settings\;CMake Files\external\;CMake Files\external\json\;"/>
		<Build>
			<Target title="all">
				<Option working_dir="/home/fkafka/QtProjects/Barkhausen_studio"/>
				<Option type="4"/>
				<MakeCommands>
					<Build command="/usr/bin/make -f &quot;/home/fkafka/QtProjects/Barkhausen_studio/Makefile&quot;  VERBOSE=1 all"/>
					<CompileFile command="/usr/bin/make -f &quot;/home/fkafka/QtProjects/Barkhausen_studio/Makefile&quot;  VERBOSE=1 &quot;$file&quot;"/>
					<Clean command="/usr/bin/make -f &quot;/home/fkafka/QtProjects/Barkhausen_studio/Makefile&quot;  VERBOSE=1 clean"/>
					<DistClean command="/usr/bin/make -f &quot;/home/fkafka/QtProjects/Barkhausen_studio/Makefile&quot;  VERBOSE=1 clean"/>
				</MakeCommands>
			</Target>
			<Target title="rebuild_cache">
				<Option working_dir="/home/fkafka/QtProjects/Barkhausen_studio"/>
				<Option type="4"/>
				<MakeCommands>
					<Build command="/usr/bin/make -f &quot;/home/fkafka/QtProjects/Barkhausen_studio/Makefile&quot;  VERBOSE=1 rebuild_cache"/>
					<CompileFile command="/usr/bin/make -f &quot;/home/fkafka/QtProjects/Barkhausen_studio/Makefile&quot;  VERBOSE=1 &quot;$file&quot;"/>
					<Clean command="/usr/bin/make -f &quot;/home/fkafka/QtProjects/Barkhausen_studio/Makefile&quot;  VERBOSE=1 clean"/>
					<DistClean command="/usr/bin/make -f &quot;/home/fkafka/QtProjects/Barkhausen_studio/Makefile&quot;  VERBOSE=1 clean"/>
				</MakeCommands>
			</Target>
			<Target title="edit_cache">
				<Option working_dir="/home/fkafka/QtProjects/Barkhausen_studio"/>
				<Option type="4"/>
				<MakeCommands>
					<Build command="/usr/bin/make -f &quot;/home/fkafka/QtProjects/Barkhausen_studio/Makefile&quot;  VERBOSE=1 edit_cache"/>
					<CompileFile command="/usr/bin/make -f &quot;/home/fkafka/QtProjects/Barkhausen_studio/Makefile&quot;  VERBOSE=1 &quot;$file&quot;"/>
					<Clean command="/usr/bin/make -f &quot;/home/fkafka/QtProjects/Barkhausen_studio/Makefile&quot;  VERBOSE=1 clean"/>
					<DistClean command="/usr/bin/make -f &quot;/home/fkafka/QtProjects/Barkhausen_studio/Makefile&quot;  VERBOSE=1 clean"/>
				</MakeCommands>
			</Target>
			<Target title="main_window">
				<Option output="/home/fkafka/QtProjects/Barkhausen_studio/ui/MainWindow/libmain_window.a" prefix_auto="0" extension_auto="0"/>
				<Option working_dir="/home/fkafka/QtProjects/Barkhausen_studio/ui/MainWindow"/>
				<Option object_output="./"/>
				<Option type="2"/>
				<Option compiler="gcc"/>
				<Compiler>
					<Add option="-DQT_WIDGETS_LIB"/>
					<Add option="-DQT_GUI_LIB"/>
					<Add option="-DQT_CORE_LIB"/>
					<Add option="-DQT_CHARTS_LIB"/>
					<Add directory="/home/fkafka/QtProjects/Barkhausen_studio/ui/MainWindow"/>
					<Add directory="/home/fkafka/QtProjects/Barkhausen_studio/ui/MainWindow/main_window_autogen/include"/>
					<Add directory="/home/fkafka/QtProjects/Barkhausen_studio/ui/MainWindow/src"/>
					<Add directory="/home/fkafka/QtProjects/Barkhausen_studio/ui/MainWindow/include"/>
					<Add directory="/home/fkafka/QtProjects/Barkhausen_studio/ui/current_chart/include"/>
					<Add directory="/home/fkafka/QtProjects/Barkhausen_studio/barkhausen_studio/settings/include"/>
					<Add directory="/home/fkafka/QtProjects/Barkhausen_studio/barkhausen_studio/kernel/command_creator/include"/>
					<Add directory="/home/fkafka/QtProjects/Barkhausen_studio/barkhausen_studio/utility/include"/>
					<Add directory="/home/fkafka/QtProjects/Barkhausen_studio/ui/MainWindow/acquisition_menu/acquisition_menu/include"/>
					<Add directory="/home/fkafka/QtProjects/Barkhausen_studio/barkhausen_studio/kernel/measurement_devices/command_list/measurement_device"/>
					<Add directory="/home/fkafka/QtProjects/Barkhausen_studio/ui/command_list/main_window"/>
					<Add directory="/home/fkafka/QtProjects/Barkhausen_studio/barkhausen_studio/kernel/measurement_devices/measurement_device/include"/>
					<Add directory="/home/fkafka/QtProjects/Barkhausen_studio/barkhausen_studio/kernel/measurement_devices/measurement_device/measurement_device_core_interface/include"/>
					<Add directory="/home/fkafka/QtProjects/Barkhausen_studio/barkhausen_studio/kernel/measurement_devices/measurement_device/usbtmc/include"/>
					<Add directory="/home/fkafka/rpi/qt5.15/include"/>
					<Add directory="/home/fkafka/rpi/qt5.15/include/QtWidgets"/>
					<Add directory="/home/fkafka/rpi/qt5.15/include/QtGui"/>
					<Add directory="/home/fkafka/rpi/qt5.15/include/QtCore"/>
					<Add directory="/home/fkafka/rpi/qt5.15/./mkspecs/devices/linux-rasp-pi4-v3d-g++"/>
					<Add directory="/home/fkafka/rpi/qt5.15/include/QtCharts"/>
					<Add directory="/usr/include"/>
				</Compiler>
				<MakeCommands>
					<Build command="/usr/bin/make -f &quot;/home/fkafka/QtProjects/Barkhausen_studio/ui/MainWindow/Makefile&quot;  VERBOSE=1 main_window"/>
					<CompileFile command="/usr/bin/make -f &quot;/home/fkafka/QtProjects/Barkhausen_studio/ui/MainWindow/Makefile&quot;  VERBOSE=1 &quot;$file&quot;"/>
					<Clean command="/usr/bin/make -f &quot;/home/fkafka/QtProjects/Barkhausen_studio/ui/MainWindow/Makefile&quot;  VERBOSE=1 clean"/>
					<DistClean command="/usr/bin/make -f &quot;/home/fkafka/QtProjects/Barkhausen_studio/ui/MainWindow/Makefile&quot;  VERBOSE=1 clean"/>
				</MakeCommands>
			</Target>
			<Target title="main_window/fast">
				<Option output="/home/fkafka/QtProjects/Barkhausen_studio/ui/MainWindow/libmain_window.a" prefix_auto="0" extension_auto="0"/>
				<Option working_dir="/home/fkafka/QtProjects/Barkhausen_studio/ui/MainWindow"/>
				<Option object_output="./"/>
				<Option type="2"/>
				<Option compiler="gcc"/>
				<Compiler>
					<Add option="-DQT_WIDGETS_LIB"/>
					<Add option="-DQT_GUI_LIB"/>
					<Add option="-DQT_CORE_LIB"/>
					<Add option="-DQT_CHARTS_LIB"/>
					<Add directory="/home/fkafka/QtProjects/Barkhausen_studio/ui/MainWindow"/>
					<Add directory="/home/fkafka/QtProjects/Barkhausen_studio/ui/MainWindow/main_window_autogen/include"/>
					<Add directory="/home/fkafka/QtProjects/Barkhausen_studio/ui/MainWindow/src"/>
					<Add directory="/home/fkafka/QtProjects/Barkhausen_studio/ui/MainWindow/include"/>
					<Add directory="/home/fkafka/QtProjects/Barkhausen_studio/ui/current_chart/include"/>
					<Add directory="/home/fkafka/QtProjects/Barkhausen_studio/barkhausen_studio/settings/include"/>
					<Add directory="/home/fkafka/QtProjects/Barkhausen_studio/barkhausen_studio/kernel/command_creator/include"/>
					<Add directory="/home/fkafka/QtProjects/Barkhausen_studio/barkhausen_studio/utility/include"/>
					<Add directory="/home/fkafka/QtProjects/Barkhausen_studio/ui/MainWindow/acquisition_menu/acquisition_menu/include"/>
					<Add directory="/home/fkafka/QtProjects/Barkhausen_studio/barkhausen_studio/kernel/measurement_devices/command_list/measurement_device"/>
					<Add directory="/home/fkafka/QtProjects/Barkhausen_studio/ui/command_list/main_window"/>
					<Add directory="/home/fkafka/QtProjects/Barkhausen_studio/barkhausen_studio/kernel/measurement_devices/measurement_device/include"/>
					<Add directory="/home/fkafka/QtProjects/Barkhausen_studio/barkhausen_studio/kernel/measurement_devices/measurement_device/measurement_device_core_interface/include"/>
					<Add directory="/home/fkafka/QtProjects/Barkhausen_studio/barkhausen_studio/kernel/measurement_devices/measurement_device/usbtmc/include"/>
					<Add directory="/home/fkafka/rpi/qt5.15/include"/>
					<Add directory="/home/fkafka/rpi/qt5.15/include/QtWidgets"/>
					<Add directory="/home/fkafka/rpi/qt5.15/include/QtGui"/>
					<Add directory="/home/fkafka/rpi/qt5.15/include/QtCore"/>
					<Add directory="/home/fkafka/rpi/qt5.15/./mkspecs/devices/linux-rasp-pi4-v3d-g++"/>
					<Add directory="/home/fkafka/rpi/qt5.15/include/QtCharts"/>
					<Add directory="/usr/include"/>
				</Compiler>
				<MakeCommands>
					<Build command="/usr/bin/make -f &quot;/home/fkafka/QtProjects/Barkhausen_studio/ui/MainWindow/Makefile&quot;  VERBOSE=1 main_window/fast"/>
					<CompileFile command="/usr/bin/make -f &quot;/home/fkafka/QtProjects/Barkhausen_studio/ui/MainWindow/Makefile&quot;  VERBOSE=1 &quot;$file&quot;"/>
					<Clean command="/usr/bin/make -f &quot;/home/fkafka/QtProjects/Barkhausen_studio/ui/MainWindow/Makefile&quot;  VERBOSE=1 clean"/>
					<DistClean command="/usr/bin/make -f &quot;/home/fkafka/QtProjects/Barkhausen_studio/ui/MainWindow/Makefile&quot;  VERBOSE=1 clean"/>
				</MakeCommands>
			</Target>
			<Target title="main_window_autogen">
				<Option working_dir="/home/fkafka/QtProjects/Barkhausen_studio/ui/MainWindow"/>
				<Option type="4"/>
				<MakeCommands>
					<Build command="/usr/bin/make -f &quot;/home/fkafka/QtProjects/Barkhausen_studio/ui/MainWindow/Makefile&quot;  VERBOSE=1 main_window_autogen"/>
					<CompileFile command="/usr/bin/make -f &quot;/home/fkafka/QtProjects/Barkhausen_studio/ui/MainWindow/Makefile&quot;  VERBOSE=1 &quot;$file&quot;"/>
					<Clean command="/usr/bin/make -f &quot;/home/fkafka/QtProjects/Barkhausen_studio/ui/MainWindow/Makefile&quot;  VERBOSE=1 clean"/>
					<DistClean command="/usr/bin/make -f &quot;/home/fkafka/QtProjects/Barkhausen_studio/ui/MainWindow/Makefile&quot;  VERBOSE=1 clean"/>
				</MakeCommands>
			</Target>
			<Target title="acquisition_menu_impl">
				<Option output="/home/fkafka/QtProjects/Barkhausen_studio/ui/MainWindow/acquisition_menu/libacquisition_menu_impl.a" prefix_auto="0" extension_auto="0"/>
				<Option working_dir="/home/fkafka/QtProjects/Barkhausen_studio/ui/MainWindow/acquisition_menu"/>
				<Option object_output="./"/>
				<Option type="2"/>
				<Option compiler="gcc"/>
				<Compiler>
					<Add option="-DQT_WIDGETS_LIB"/>
					<Add option="-DQT_GUI_LIB"/>
					<Add option="-DQT_CORE_LIB"/>
					<Add directory="/home/fkafka/QtProjects/Barkhausen_studio/ui/MainWindow/acquisition_menu"/>
					<Add directory="/home/fkafka/QtProjects/Barkhausen_studio/ui/MainWindow/acquisition_menu/acquisition_menu_impl_autogen/include"/>
					<Add directory="/home/fkafka/QtProjects/Barkhausen_studio/ui/MainWindow/acquisition_menu/acquisition_menu/src"/>
					<Add directory="/home/fkafka/QtProjects/Barkhausen_studio/ui/MainWindow/acquisition_menu/acquisition_menu/include"/>
					<Add directory="/home/fkafka/QtProjects/Barkhausen_studio/barkhausen_studio/kernel/measurement_devices/command_list/measurement_device"/>
					<Add directory="/home/fkafka/QtProjects/Barkhausen_studio/ui/command_list/main_window"/>
					<Add directory="/home/fkafka/QtProjects/Barkhausen_studio/barkhausen_studio/kernel/measurement_devices/measurement_device/include"/>
					<Add directory="/home/fkafka/QtProjects/Barkhausen_studio/barkhausen_studio/kernel/measurement_devices/measurement_device/measurement_device_core_interface/include"/>
					<Add directory="/home/fkafka/QtProjects/Barkhausen_studio/barkhausen_studio/kernel/measurement_devices/measurement_device/usbtmc/include"/>
					<Add directory="/home/fkafka/QtProjects/Barkhausen_studio/barkhausen_studio/settings/include"/>
					<Add directory="/home/fkafka/QtProjects/Barkhausen_studio/barkhausen_studio/kernel/command_creator/include"/>
					<Add directory="/home/fkafka/QtProjects/Barkhausen_studio/barkhausen_studio/utility/include"/>
					<Add directory="/home/fkafka/rpi/qt5.15/include"/>
					<Add directory="/home/fkafka/rpi/qt5.15/include/QtWidgets"/>
					<Add directory="/home/fkafka/rpi/qt5.15/include/QtGui"/>
					<Add directory="/home/fkafka/rpi/qt5.15/include/QtCore"/>
					<Add directory="/home/fkafka/rpi/qt5.15/./mkspecs/devices/linux-rasp-pi4-v3d-g++"/>
					<Add directory="/usr/include"/>
				</Compiler>
				<MakeCommands>
					<Build command="/usr/bin/make -f &quot;/home/fkafka/QtProjects/Barkhausen_studio/ui/MainWindow/acquisition_menu/Makefile&quot;  VERBOSE=1 acquisition_menu_impl"/>
					<CompileFile command="/usr/bin/make -f &quot;/home/fkafka/QtProjects/Barkhausen_studio/ui/MainWindow/acquisition_menu/Makefile&quot;  VERBOSE=1 &quot;$file&quot;"/>
					<Clean command="/usr/bin/make -f &quot;/home/fkafka/QtProjects/Barkhausen_studio/ui/MainWindow/acquisition_menu/Makefile&quot;  VERBOSE=1 clean"/>
					<DistClean command="/usr/bin/make -f &quot;/home/fkafka/QtProjects/Barkhausen_studio/ui/MainWindow/acquisition_menu/Makefile&quot;  VERBOSE=1 clean"/>
				</MakeCommands>
			</Target>
			<Target title="acquisition_menu_impl/fast">
				<Option output="/home/fkafka/QtProjects/Barkhausen_studio/ui/MainWindow/acquisition_menu/libacquisition_menu_impl.a" prefix_auto="0" extension_auto="0"/>
				<Option working_dir="/home/fkafka/QtProjects/Barkhausen_studio/ui/MainWindow/acquisition_menu"/>
				<Option object_output="./"/>
				<Option type="2"/>
				<Option compiler="gcc"/>
				<Compiler>
					<Add option="-DQT_WIDGETS_LIB"/>
					<Add option="-DQT_GUI_LIB"/>
					<Add option="-DQT_CORE_LIB"/>
					<Add directory="/home/fkafka/QtProjects/Barkhausen_studio/ui/MainWindow/acquisition_menu"/>
					<Add directory="/home/fkafka/QtProjects/Barkhausen_studio/ui/MainWindow/acquisition_menu/acquisition_menu_impl_autogen/include"/>
					<Add directory="/home/fkafka/QtProjects/Barkhausen_studio/ui/MainWindow/acquisition_menu/acquisition_menu/src"/>
					<Add directory="/home/fkafka/QtProjects/Barkhausen_studio/ui/MainWindow/acquisition_menu/acquisition_menu/include"/>
					<Add directory="/home/fkafka/QtProjects/Barkhausen_studio/barkhausen_studio/kernel/measurement_devices/command_list/measurement_device"/>
					<Add directory="/home/fkafka/QtProjects/Barkhausen_studio/ui/command_list/main_window"/>
					<Add directory="/home/fkafka/QtProjects/Barkhausen_studio/barkhausen_studio/kernel/measurement_devices/measurement_device/include"/>
					<Add directory="/home/fkafka/QtProjects/Barkhausen_studio/barkhausen_studio/kernel/measurement_devices/measurement_device/measurement_device_core_interface/include"/>
					<Add directory="/home/fkafka/QtProjects/Barkhausen_studio/barkhausen_studio/kernel/measurement_devices/measurement_device/usbtmc/include"/>
					<Add directory="/home/fkafka/QtProjects/Barkhausen_studio/barkhausen_studio/settings/include"/>
					<Add directory="/home/fkafka/QtProjects/Barkhausen_studio/barkhausen_studio/kernel/command_creator/include"/>
					<Add directory="/home/fkafka/QtProjects/Barkhausen_studio/barkhausen_studio/utility/include"/>
					<Add directory="/home/fkafka/rpi/qt5.15/include"/>
					<Add directory="/home/fkafka/rpi/qt5.15/include/QtWidgets"/>
					<Add directory="/home/fkafka/rpi/qt5.15/include/QtGui"/>
					<Add directory="/home/fkafka/rpi/qt5.15/include/QtCore"/>
					<Add directory="/home/fkafka/rpi/qt5.15/./mkspecs/devices/linux-rasp-pi4-v3d-g++"/>
					<Add directory="/usr/include"/>
				</Compiler>
				<MakeCommands>
					<Build command="/usr/bin/make -f &quot;/home/fkafka/QtProjects/Barkhausen_studio/ui/MainWindow/acquisition_menu/Makefile&quot;  VERBOSE=1 acquisition_menu_impl/fast"/>
					<CompileFile command="/usr/bin/make -f &quot;/home/fkafka/QtProjects/Barkhausen_studio/ui/MainWindow/acquisition_menu/Makefile&quot;  VERBOSE=1 &quot;$file&quot;"/>
					<Clean command="/usr/bin/make -f &quot;/home/fkafka/QtProjects/Barkhausen_studio/ui/MainWindow/acquisition_menu/Makefile&quot;  VERBOSE=1 clean"/>
					<DistClean command="/usr/bin/make -f &quot;/home/fkafka/QtProjects/Barkhausen_studio/ui/MainWindow/acquisition_menu/Makefile&quot;  VERBOSE=1 clean"/>
				</MakeCommands>
			</Target>
			<Target title="acquisition_menu_impl_autogen">
				<Option working_dir="/home/fkafka/QtProjects/Barkhausen_studio/ui/MainWindow/acquisition_menu"/>
				<Option type="4"/>
				<MakeCommands>
					<Build command="/usr/bin/make -f &quot;/home/fkafka/QtProjects/Barkhausen_studio/ui/MainWindow/acquisition_menu/Makefile&quot;  VERBOSE=1 acquisition_menu_impl_autogen"/>
					<CompileFile command="/usr/bin/make -f &quot;/home/fkafka/QtProjects/Barkhausen_studio/ui/MainWindow/acquisition_menu/Makefile&quot;  VERBOSE=1 &quot;$file&quot;"/>
					<Clean command="/usr/bin/make -f &quot;/home/fkafka/QtProjects/Barkhausen_studio/ui/MainWindow/acquisition_menu/Makefile&quot;  VERBOSE=1 clean"/>
					<DistClean command="/usr/bin/make -f &quot;/home/fkafka/QtProjects/Barkhausen_studio/ui/MainWindow/acquisition_menu/Makefile&quot;  VERBOSE=1 clean"/>
				</MakeCommands>
			</Target>
			<Target title="current_chart">
				<Option output="/home/fkafka/QtProjects/Barkhausen_studio/ui/current_chart/libcurrent_chart.a" prefix_auto="0" extension_auto="0"/>
				<Option working_dir="/home/fkafka/QtProjects/Barkhausen_studio/ui/current_chart"/>
				<Option object_output="./"/>
				<Option type="2"/>
				<Option compiler="gcc"/>
				<Compiler>
					<Add option="-DQT_WIDGETS_LIB"/>
					<Add option="-DQT_GUI_LIB"/>
					<Add option="-DQT_CORE_LIB"/>
					<Add option="-DQT_CHARTS_LIB"/>
					<Add directory="/home/fkafka/QtProjects/Barkhausen_studio/ui/current_chart"/>
					<Add directory="/home/fkafka/QtProjects/Barkhausen_studio/ui/current_chart/current_chart_autogen/include"/>
					<Add directory="/home/fkafka/QtProjects/Barkhausen_studio/ui/current_chart/src"/>
					<Add directory="/home/fkafka/QtProjects/Barkhausen_studio/ui/current_chart/include"/>
					<Add directory="/home/fkafka/QtProjects/Barkhausen_studio/barkhausen_studio/settings/include"/>
					<Add directory="/home/fkafka/QtProjects/Barkhausen_studio/barkhausen_studio/kernel/command_creator/include"/>
					<Add directory="/home/fkafka/QtProjects/Barkhausen_studio/barkhausen_studio/utility/include"/>
					<Add directory="/home/fkafka/rpi/qt5.15/include"/>
					<Add directory="/home/fkafka/rpi/qt5.15/include/QtWidgets"/>
					<Add directory="/home/fkafka/rpi/qt5.15/include/QtGui"/>
					<Add directory="/home/fkafka/rpi/qt5.15/include/QtCore"/>
					<Add directory="/home/fkafka/rpi/qt5.15/./mkspecs/devices/linux-rasp-pi4-v3d-g++"/>
					<Add directory="/home/fkafka/rpi/qt5.15/include/QtCharts"/>
					<Add directory="/usr/include"/>
				</Compiler>
				<MakeCommands>
					<Build command="/usr/bin/make -f &quot;/home/fkafka/QtProjects/Barkhausen_studio/ui/current_chart/Makefile&quot;  VERBOSE=1 current_chart"/>
					<CompileFile command="/usr/bin/make -f &quot;/home/fkafka/QtProjects/Barkhausen_studio/ui/current_chart/Makefile&quot;  VERBOSE=1 &quot;$file&quot;"/>
					<Clean command="/usr/bin/make -f &quot;/home/fkafka/QtProjects/Barkhausen_studio/ui/current_chart/Makefile&quot;  VERBOSE=1 clean"/>
					<DistClean command="/usr/bin/make -f &quot;/home/fkafka/QtProjects/Barkhausen_studio/ui/current_chart/Makefile&quot;  VERBOSE=1 clean"/>
				</MakeCommands>
			</Target>
			<Target title="current_chart/fast">
				<Option output="/home/fkafka/QtProjects/Barkhausen_studio/ui/current_chart/libcurrent_chart.a" prefix_auto="0" extension_auto="0"/>
				<Option working_dir="/home/fkafka/QtProjects/Barkhausen_studio/ui/current_chart"/>
				<Option object_output="./"/>
				<Option type="2"/>
				<Option compiler="gcc"/>
				<Compiler>
					<Add option="-DQT_WIDGETS_LIB"/>
					<Add option="-DQT_GUI_LIB"/>
					<Add option="-DQT_CORE_LIB"/>
					<Add option="-DQT_CHARTS_LIB"/>
					<Add directory="/home/fkafka/QtProjects/Barkhausen_studio/ui/current_chart"/>
					<Add directory="/home/fkafka/QtProjects/Barkhausen_studio/ui/current_chart/current_chart_autogen/include"/>
					<Add directory="/home/fkafka/QtProjects/Barkhausen_studio/ui/current_chart/src"/>
					<Add directory="/home/fkafka/QtProjects/Barkhausen_studio/ui/current_chart/include"/>
					<Add directory="/home/fkafka/QtProjects/Barkhausen_studio/barkhausen_studio/settings/include"/>
					<Add directory="/home/fkafka/QtProjects/Barkhausen_studio/barkhausen_studio/kernel/command_creator/include"/>
					<Add directory="/home/fkafka/QtProjects/Barkhausen_studio/barkhausen_studio/utility/include"/>
					<Add directory="/home/fkafka/rpi/qt5.15/include"/>
					<Add directory="/home/fkafka/rpi/qt5.15/include/QtWidgets"/>
					<Add directory="/home/fkafka/rpi/qt5.15/include/QtGui"/>
					<Add directory="/home/fkafka/rpi/qt5.15/include/QtCore"/>
					<Add directory="/home/fkafka/rpi/qt5.15/./mkspecs/devices/linux-rasp-pi4-v3d-g++"/>
					<Add directory="/home/fkafka/rpi/qt5.15/include/QtCharts"/>
					<Add directory="/usr/include"/>
				</Compiler>
				<MakeCommands>
					<Build command="/usr/bin/make -f &quot;/home/fkafka/QtProjects/Barkhausen_studio/ui/current_chart/Makefile&quot;  VERBOSE=1 current_chart/fast"/>
					<CompileFile command="/usr/bin/make -f &quot;/home/fkafka/QtProjects/Barkhausen_studio/ui/current_chart/Makefile&quot;  VERBOSE=1 &quot;$file&quot;"/>
					<Clean command="/usr/bin/make -f &quot;/home/fkafka/QtProjects/Barkhausen_studio/ui/current_chart/Makefile&quot;  VERBOSE=1 clean"/>
					<DistClean command="/usr/bin/make -f &quot;/home/fkafka/QtProjects/Barkhausen_studio/ui/current_chart/Makefile&quot;  VERBOSE=1 clean"/>
				</MakeCommands>
			</Target>
			<Target title="current_chart_autogen">
				<Option working_dir="/home/fkafka/QtProjects/Barkhausen_studio/ui/current_chart"/>
				<Option type="4"/>
				<MakeCommands>
					<Build command="/usr/bin/make -f &quot;/home/fkafka/QtProjects/Barkhausen_studio/ui/current_chart/Makefile&quot;  VERBOSE=1 current_chart_autogen"/>
					<CompileFile command="/usr/bin/make -f &quot;/home/fkafka/QtProjects/Barkhausen_studio/ui/current_chart/Makefile&quot;  VERBOSE=1 &quot;$file&quot;"/>
					<Clean command="/usr/bin/make -f &quot;/home/fkafka/QtProjects/Barkhausen_studio/ui/current_chart/Makefile&quot;  VERBOSE=1 clean"/>
					<DistClean command="/usr/bin/make -f &quot;/home/fkafka/QtProjects/Barkhausen_studio/ui/current_chart/Makefile&quot;  VERBOSE=1 clean"/>
				</MakeCommands>
			</Target>
			<Target title="api">
				<Option output="/home/fkafka/QtProjects/Barkhausen_studio/barkhausen_studio/kernel/api/api" prefix_auto="0" extension_auto="0"/>
				<Option working_dir="/home/fkafka/QtProjects/Barkhausen_studio/barkhausen_studio/kernel/api"/>
				<Option object_output="./"/>
				<Option type="1"/>
				<Option compiler="gcc"/>
				<Compiler>
					<Add option="-DQT_WIDGETS_LIB"/>
					<Add option="-DQT_GUI_LIB"/>
					<Add option="-DQT_CORE_LIB"/>
					<Add option="-DQT_CHARTS_LIB"/>
					<Add directory="/home/fkafka/QtProjects/Barkhausen_studio/barkhausen_studio/kernel/api"/>
					<Add directory="/home/fkafka/QtProjects/Barkhausen_studio/barkhausen_studio/kernel/api/src"/>
					<Add directory="/home/fkafka/QtProjects/Barkhausen_studio/barkhausen_studio/kernel/api/include"/>
					<Add directory="/home/fkafka/QtProjects/Barkhausen_studio/barkhausen_studio/kernel/command_multiplexer/include"/>
					<Add directory="/home/fkafka/QtProjects/Barkhausen_studio/ui/MainWindow/include"/>
					<Add directory="/home/fkafka/QtProjects/Barkhausen_studio/ui/current_chart/include"/>
					<Add directory="/home/fkafka/QtProjects/Barkhausen_studio/barkhausen_studio/settings/include"/>
					<Add directory="/home/fkafka/QtProjects/Barkhausen_studio/barkhausen_studio/kernel/command_creator/include"/>
					<Add directory="/home/fkafka/QtProjects/Barkhausen_studio/barkhausen_studio/utility/include"/>
					<Add directory="/home/fkafka/QtProjects/Barkhausen_studio/ui/MainWindow/acquisition_menu/acquisition_menu/include"/>
					<Add directory="/home/fkafka/QtProjects/Barkhausen_studio/barkhausen_studio/kernel/measurement_devices/command_list/measurement_device"/>
					<Add directory="/home/fkafka/QtProjects/Barkhausen_studio/ui/command_list/main_window"/>
					<Add directory="/home/fkafka/QtProjects/Barkhausen_studio/barkhausen_studio/kernel/measurement_devices/measurement_device/include"/>
					<Add directory="/home/fkafka/QtProjects/Barkhausen_studio/barkhausen_studio/kernel/measurement_devices/measurement_device/measurement_device_core_interface/include"/>
					<Add directory="/home/fkafka/QtProjects/Barkhausen_studio/barkhausen_studio/kernel/measurement_devices/measurement_device/usbtmc/include"/>
					<Add directory="/home/fkafka/QtProjects/Barkhausen_studio/barkhausen_studio/kernel/measurement_devices/measurement_device/usbtmc_device_finder/include"/>
					<Add directory="/home/fkafka/rpi/qt5.15/include"/>
					<Add directory="/home/fkafka/rpi/qt5.15/include/QtWidgets"/>
					<Add directory="/home/fkafka/rpi/qt5.15/include/QtGui"/>
					<Add directory="/home/fkafka/rpi/qt5.15/include/QtCore"/>
					<Add directory="/home/fkafka/rpi/qt5.15/./mkspecs/devices/linux-rasp-pi4-v3d-g++"/>
					<Add directory="/home/fkafka/rpi/qt5.15/include/QtCharts"/>
					<Add directory="/usr/include"/>
				</Compiler>
				<MakeCommands>
					<Build command="/usr/bin/make -f &quot;/home/fkafka/QtProjects/Barkhausen_studio/barkhausen_studio/kernel/api/Makefile&quot;  VERBOSE=1 api"/>
					<CompileFile command="/usr/bin/make -f &quot;/home/fkafka/QtProjects/Barkhausen_studio/barkhausen_studio/kernel/api/Makefile&quot;  VERBOSE=1 &quot;$file&quot;"/>
					<Clean command="/usr/bin/make -f &quot;/home/fkafka/QtProjects/Barkhausen_studio/barkhausen_studio/kernel/api/Makefile&quot;  VERBOSE=1 clean"/>
					<DistClean command="/usr/bin/make -f &quot;/home/fkafka/QtProjects/Barkhausen_studio/barkhausen_studio/kernel/api/Makefile&quot;  VERBOSE=1 clean"/>
				</MakeCommands>
			</Target>
			<Target title="api/fast">
				<Option output="/home/fkafka/QtProjects/Barkhausen_studio/barkhausen_studio/kernel/api/api" prefix_auto="0" extension_auto="0"/>
				<Option working_dir="/home/fkafka/QtProjects/Barkhausen_studio/barkhausen_studio/kernel/api"/>
				<Option object_output="./"/>
				<Option type="1"/>
				<Option compiler="gcc"/>
				<Compiler>
					<Add option="-DQT_WIDGETS_LIB"/>
					<Add option="-DQT_GUI_LIB"/>
					<Add option="-DQT_CORE_LIB"/>
					<Add option="-DQT_CHARTS_LIB"/>
					<Add directory="/home/fkafka/QtProjects/Barkhausen_studio/barkhausen_studio/kernel/api"/>
					<Add directory="/home/fkafka/QtProjects/Barkhausen_studio/barkhausen_studio/kernel/api/src"/>
					<Add directory="/home/fkafka/QtProjects/Barkhausen_studio/barkhausen_studio/kernel/api/include"/>
					<Add directory="/home/fkafka/QtProjects/Barkhausen_studio/barkhausen_studio/kernel/command_multiplexer/include"/>
					<Add directory="/home/fkafka/QtProjects/Barkhausen_studio/ui/MainWindow/include"/>
					<Add directory="/home/fkafka/QtProjects/Barkhausen_studio/ui/current_chart/include"/>
					<Add directory="/home/fkafka/QtProjects/Barkhausen_studio/barkhausen_studio/settings/include"/>
					<Add directory="/home/fkafka/QtProjects/Barkhausen_studio/barkhausen_studio/kernel/command_creator/include"/>
					<Add directory="/home/fkafka/QtProjects/Barkhausen_studio/barkhausen_studio/utility/include"/>
					<Add directory="/home/fkafka/QtProjects/Barkhausen_studio/ui/MainWindow/acquisition_menu/acquisition_menu/include"/>
					<Add directory="/home/fkafka/QtProjects/Barkhausen_studio/barkhausen_studio/kernel/measurement_devices/command_list/measurement_device"/>
					<Add directory="/home/fkafka/QtProjects/Barkhausen_studio/ui/command_list/main_window"/>
					<Add directory="/home/fkafka/QtProjects/Barkhausen_studio/barkhausen_studio/kernel/measurement_devices/measurement_device/include"/>
					<Add directory="/home/fkafka/QtProjects/Barkhausen_studio/barkhausen_studio/kernel/measurement_devices/measurement_device/measurement_device_core_interface/include"/>
					<Add directory="/home/fkafka/QtProjects/Barkhausen_studio/barkhausen_studio/kernel/measurement_devices/measurement_device/usbtmc/include"/>
					<Add directory="/home/fkafka/QtProjects/Barkhausen_studio/barkhausen_studio/kernel/measurement_devices/measurement_device/usbtmc_device_finder/include"/>
					<Add directory="/home/fkafka/rpi/qt5.15/include"/>
					<Add directory="/home/fkafka/rpi/qt5.15/include/QtWidgets"/>
					<Add directory="/home/fkafka/rpi/qt5.15/include/QtGui"/>
					<Add directory="/home/fkafka/rpi/qt5.15/include/QtCore"/>
					<Add directory="/home/fkafka/rpi/qt5.15/./mkspecs/devices/linux-rasp-pi4-v3d-g++"/>
					<Add directory="/home/fkafka/rpi/qt5.15/include/QtCharts"/>
					<Add directory="/usr/include"/>
				</Compiler>
				<MakeCommands>
					<Build command="/usr/bin/make -f &quot;/home/fkafka/QtProjects/Barkhausen_studio/barkhausen_studio/kernel/api/Makefile&quot;  VERBOSE=1 api/fast"/>
					<CompileFile command="/usr/bin/make -f &quot;/home/fkafka/QtProjects/Barkhausen_studio/barkhausen_studio/kernel/api/Makefile&quot;  VERBOSE=1 &quot;$file&quot;"/>
					<Clean command="/usr/bin/make -f &quot;/home/fkafka/QtProjects/Barkhausen_studio/barkhausen_studio/kernel/api/Makefile&quot;  VERBOSE=1 clean"/>
					<DistClean command="/usr/bin/make -f &quot;/home/fkafka/QtProjects/Barkhausen_studio/barkhausen_studio/kernel/api/Makefile&quot;  VERBOSE=1 clean"/>
				</MakeCommands>
			</Target>
			<Target title="module_multiplexer">
				<Option output="/home/fkafka/QtProjects/Barkhausen_studio/barkhausen_studio/kernel/command_multiplexer/libmodule_multiplexer.a" prefix_auto="0" extension_auto="0"/>
				<Option working_dir="/home/fkafka/QtProjects/Barkhausen_studio/barkhausen_studio/kernel/command_multiplexer"/>
				<Option object_output="./"/>
				<Option type="2"/>
				<Option compiler="gcc"/>
				<Compiler>
					<Add option="-DQT_WIDGETS_LIB"/>
					<Add option="-DQT_GUI_LIB"/>
					<Add option="-DQT_CORE_LIB"/>
					<Add option="-DQT_CHARTS_LIB"/>
					<Add directory="/home/fkafka/QtProjects/Barkhausen_studio/barkhausen_studio/kernel/command_multiplexer"/>
					<Add directory="/home/fkafka/QtProjects/Barkhausen_studio/barkhausen_studio/kernel/command_multiplexer/module_multiplexer_autogen/include"/>
					<Add directory="/home/fkafka/QtProjects/Barkhausen_studio/barkhausen_studio/kernel/command_multiplexer/src"/>
					<Add directory="/home/fkafka/QtProjects/Barkhausen_studio/barkhausen_studio/kernel/command_multiplexer/include"/>
					<Add directory="/home/fkafka/QtProjects/Barkhausen_studio/ui/MainWindow/include"/>
					<Add directory="/home/fkafka/QtProjects/Barkhausen_studio/ui/current_chart/include"/>
					<Add directory="/home/fkafka/QtProjects/Barkhausen_studio/barkhausen_studio/settings/include"/>
					<Add directory="/home/fkafka/QtProjects/Barkhausen_studio/barkhausen_studio/kernel/command_creator/include"/>
					<Add directory="/home/fkafka/QtProjects/Barkhausen_studio/barkhausen_studio/utility/include"/>
					<Add directory="/home/fkafka/QtProjects/Barkhausen_studio/ui/MainWindow/acquisition_menu/acquisition_menu/include"/>
					<Add directory="/home/fkafka/QtProjects/Barkhausen_studio/barkhausen_studio/kernel/measurement_devices/command_list/measurement_device"/>
					<Add directory="/home/fkafka/QtProjects/Barkhausen_studio/ui/command_list/main_window"/>
					<Add directory="/home/fkafka/QtProjects/Barkhausen_studio/barkhausen_studio/kernel/measurement_devices/measurement_device/include"/>
					<Add directory="/home/fkafka/QtProjects/Barkhausen_studio/barkhausen_studio/kernel/measurement_devices/measurement_device/measurement_device_core_interface/include"/>
					<Add directory="/home/fkafka/QtProjects/Barkhausen_studio/barkhausen_studio/kernel/measurement_devices/measurement_device/usbtmc/include"/>
					<Add directory="/home/fkafka/QtProjects/Barkhausen_studio/barkhausen_studio/kernel/measurement_devices/measurement_device/usbtmc_device_finder/include"/>
					<Add directory="/home/fkafka/rpi/qt5.15/include"/>
					<Add directory="/home/fkafka/rpi/qt5.15/include/QtWidgets"/>
					<Add directory="/home/fkafka/rpi/qt5.15/include/QtGui"/>
					<Add directory="/home/fkafka/rpi/qt5.15/include/QtCore"/>
					<Add directory="/home/fkafka/rpi/qt5.15/./mkspecs/devices/linux-rasp-pi4-v3d-g++"/>
					<Add directory="/home/fkafka/rpi/qt5.15/include/QtCharts"/>
					<Add directory="/usr/include"/>
				</Compiler>
				<MakeCommands>
					<Build command="/usr/bin/make -f &quot;/home/fkafka/QtProjects/Barkhausen_studio/barkhausen_studio/kernel/command_multiplexer/Makefile&quot;  VERBOSE=1 module_multiplexer"/>
					<CompileFile command="/usr/bin/make -f &quot;/home/fkafka/QtProjects/Barkhausen_studio/barkhausen_studio/kernel/command_multiplexer/Makefile&quot;  VERBOSE=1 &quot;$file&quot;"/>
					<Clean command="/usr/bin/make -f &quot;/home/fkafka/QtProjects/Barkhausen_studio/barkhausen_studio/kernel/command_multiplexer/Makefile&quot;  VERBOSE=1 clean"/>
					<DistClean command="/usr/bin/make -f &quot;/home/fkafka/QtProjects/Barkhausen_studio/barkhausen_studio/kernel/command_multiplexer/Makefile&quot;  VERBOSE=1 clean"/>
				</MakeCommands>
			</Target>
			<Target title="module_multiplexer/fast">
				<Option output="/home/fkafka/QtProjects/Barkhausen_studio/barkhausen_studio/kernel/command_multiplexer/libmodule_multiplexer.a" prefix_auto="0" extension_auto="0"/>
				<Option working_dir="/home/fkafka/QtProjects/Barkhausen_studio/barkhausen_studio/kernel/command_multiplexer"/>
				<Option object_output="./"/>
				<Option type="2"/>
				<Option compiler="gcc"/>
				<Compiler>
					<Add option="-DQT_WIDGETS_LIB"/>
					<Add option="-DQT_GUI_LIB"/>
					<Add option="-DQT_CORE_LIB"/>
					<Add option="-DQT_CHARTS_LIB"/>
					<Add directory="/home/fkafka/QtProjects/Barkhausen_studio/barkhausen_studio/kernel/command_multiplexer"/>
					<Add directory="/home/fkafka/QtProjects/Barkhausen_studio/barkhausen_studio/kernel/command_multiplexer/module_multiplexer_autogen/include"/>
					<Add directory="/home/fkafka/QtProjects/Barkhausen_studio/barkhausen_studio/kernel/command_multiplexer/src"/>
					<Add directory="/home/fkafka/QtProjects/Barkhausen_studio/barkhausen_studio/kernel/command_multiplexer/include"/>
					<Add directory="/home/fkafka/QtProjects/Barkhausen_studio/ui/MainWindow/include"/>
					<Add directory="/home/fkafka/QtProjects/Barkhausen_studio/ui/current_chart/include"/>
					<Add directory="/home/fkafka/QtProjects/Barkhausen_studio/barkhausen_studio/settings/include"/>
					<Add directory="/home/fkafka/QtProjects/Barkhausen_studio/barkhausen_studio/kernel/command_creator/include"/>
					<Add directory="/home/fkafka/QtProjects/Barkhausen_studio/barkhausen_studio/utility/include"/>
					<Add directory="/home/fkafka/QtProjects/Barkhausen_studio/ui/MainWindow/acquisition_menu/acquisition_menu/include"/>
					<Add directory="/home/fkafka/QtProjects/Barkhausen_studio/barkhausen_studio/kernel/measurement_devices/command_list/measurement_device"/>
					<Add directory="/home/fkafka/QtProjects/Barkhausen_studio/ui/command_list/main_window"/>
					<Add directory="/home/fkafka/QtProjects/Barkhausen_studio/barkhausen_studio/kernel/measurement_devices/measurement_device/include"/>
					<Add directory="/home/fkafka/QtProjects/Barkhausen_studio/barkhausen_studio/kernel/measurement_devices/measurement_device/measurement_device_core_interface/include"/>
					<Add directory="/home/fkafka/QtProjects/Barkhausen_studio/barkhausen_studio/kernel/measurement_devices/measurement_device/usbtmc/include"/>
					<Add directory="/home/fkafka/QtProjects/Barkhausen_studio/barkhausen_studio/kernel/measurement_devices/measurement_device/usbtmc_device_finder/include"/>
					<Add directory="/home/fkafka/rpi/qt5.15/include"/>
					<Add directory="/home/fkafka/rpi/qt5.15/include/QtWidgets"/>
					<Add directory="/home/fkafka/rpi/qt5.15/include/QtGui"/>
					<Add directory="/home/fkafka/rpi/qt5.15/include/QtCore"/>
					<Add directory="/home/fkafka/rpi/qt5.15/./mkspecs/devices/linux-rasp-pi4-v3d-g++"/>
					<Add directory="/home/fkafka/rpi/qt5.15/include/QtCharts"/>
					<Add directory="/usr/include"/>
				</Compiler>
				<MakeCommands>
					<Build command="/usr/bin/make -f &quot;/home/fkafka/QtProjects/Barkhausen_studio/barkhausen_studio/kernel/command_multiplexer/Makefile&quot;  VERBOSE=1 module_multiplexer/fast"/>
					<CompileFile command="/usr/bin/make -f &quot;/home/fkafka/QtProjects/Barkhausen_studio/barkhausen_studio/kernel/command_multiplexer/Makefile&quot;  VERBOSE=1 &quot;$file&quot;"/>
					<Clean command="/usr/bin/make -f &quot;/home/fkafka/QtProjects/Barkhausen_studio/barkhausen_studio/kernel/command_multiplexer/Makefile&quot;  VERBOSE=1 clean"/>
					<DistClean command="/usr/bin/make -f &quot;/home/fkafka/QtProjects/Barkhausen_studio/barkhausen_studio/kernel/command_multiplexer/Makefile&quot;  VERBOSE=1 clean"/>
				</MakeCommands>
			</Target>
			<Target title="module_multiplexer_autogen">
				<Option working_dir="/home/fkafka/QtProjects/Barkhausen_studio/barkhausen_studio/kernel/command_multiplexer"/>
				<Option type="4"/>
				<MakeCommands>
					<Build command="/usr/bin/make -f &quot;/home/fkafka/QtProjects/Barkhausen_studio/barkhausen_studio/kernel/command_multiplexer/Makefile&quot;  VERBOSE=1 module_multiplexer_autogen"/>
					<CompileFile command="/usr/bin/make -f &quot;/home/fkafka/QtProjects/Barkhausen_studio/barkhausen_studio/kernel/command_multiplexer/Makefile&quot;  VERBOSE=1 &quot;$file&quot;"/>
					<Clean command="/usr/bin/make -f &quot;/home/fkafka/QtProjects/Barkhausen_studio/barkhausen_studio/kernel/command_multiplexer/Makefile&quot;  VERBOSE=1 clean"/>
					<DistClean command="/usr/bin/make -f &quot;/home/fkafka/QtProjects/Barkhausen_studio/barkhausen_studio/kernel/command_multiplexer/Makefile&quot;  VERBOSE=1 clean"/>
				</MakeCommands>
			</Target>
			<Target title="measurement_device">
				<Option output="/home/fkafka/QtProjects/Barkhausen_studio/barkhausen_studio/kernel/measurement_devices/measurement_device/libmeasurement_device.a" prefix_auto="0" extension_auto="0"/>
				<Option working_dir="/home/fkafka/QtProjects/Barkhausen_studio/barkhausen_studio/kernel/measurement_devices/measurement_device"/>
				<Option object_output="./"/>
				<Option type="2"/>
				<Option compiler="gcc"/>
				<Compiler>
					<Add option="-DQT_CORE_LIB"/>
					<Add option="-DQT_WIDGETS_LIB"/>
					<Add option="-DQT_GUI_LIB"/>
					<Add directory="/home/fkafka/QtProjects/Barkhausen_studio/barkhausen_studio/kernel/measurement_devices/measurement_device"/>
					<Add directory="/home/fkafka/QtProjects/Barkhausen_studio/barkhausen_studio/kernel/measurement_devices/measurement_device/measurement_device_autogen/include"/>
					<Add directory="/home/fkafka/QtProjects/Barkhausen_studio/barkhausen_studio/kernel/measurement_devices/measurement_device/src"/>
					<Add directory="/home/fkafka/QtProjects/Barkhausen_studio/barkhausen_studio/kernel/measurement_devices/measurement_device/include"/>
					<Add directory="/home/fkafka/QtProjects/Barkhausen_studio/barkhausen_studio/kernel/measurement_devices/measurement_device/measurement_device_core_interface/include"/>
					<Add directory="/home/fkafka/QtProjects/Barkhausen_studio/barkhausen_studio/kernel/measurement_devices/measurement_device/usbtmc/include"/>
					<Add directory="/home/fkafka/QtProjects/Barkhausen_studio/barkhausen_studio/kernel/measurement_devices/command_list/measurement_device"/>
					<Add directory="/home/fkafka/QtProjects/Barkhausen_studio/barkhausen_studio/settings/include"/>
					<Add directory="/home/fkafka/QtProjects/Barkhausen_studio/barkhausen_studio/kernel/command_creator/include"/>
					<Add directory="/home/fkafka/QtProjects/Barkhausen_studio/barkhausen_studio/utility/include"/>
					<Add directory="/home/fkafka/QtProjects/Barkhausen_studio/ui/command_list/main_window"/>
					<Add directory="/home/fkafka/rpi/qt5.15/include"/>
					<Add directory="/home/fkafka/rpi/qt5.15/include/QtCore"/>
					<Add directory="/home/fkafka/rpi/qt5.15/./mkspecs/devices/linux-rasp-pi4-v3d-g++"/>
					<Add directory="/home/fkafka/rpi/qt5.15/include/QtWidgets"/>
					<Add directory="/home/fkafka/rpi/qt5.15/include/QtGui"/>
					<Add directory="/usr/include"/>
				</Compiler>
				<MakeCommands>
					<Build command="/usr/bin/make -f &quot;/home/fkafka/QtProjects/Barkhausen_studio/barkhausen_studio/kernel/measurement_devices/measurement_device/Makefile&quot;  VERBOSE=1 measurement_device"/>
					<CompileFile command="/usr/bin/make -f &quot;/home/fkafka/QtProjects/Barkhausen_studio/barkhausen_studio/kernel/measurement_devices/measurement_device/Makefile&quot;  VERBOSE=1 &quot;$file&quot;"/>
					<Clean command="/usr/bin/make -f &quot;/home/fkafka/QtProjects/Barkhausen_studio/barkhausen_studio/kernel/measurement_devices/measurement_device/Makefile&quot;  VERBOSE=1 clean"/>
					<DistClean command="/usr/bin/make -f &quot;/home/fkafka/QtProjects/Barkhausen_studio/barkhausen_studio/kernel/measurement_devices/measurement_device/Makefile&quot;  VERBOSE=1 clean"/>
				</MakeCommands>
			</Target>
			<Target title="measurement_device/fast">
				<Option output="/home/fkafka/QtProjects/Barkhausen_studio/barkhausen_studio/kernel/measurement_devices/measurement_device/libmeasurement_device.a" prefix_auto="0" extension_auto="0"/>
				<Option working_dir="/home/fkafka/QtProjects/Barkhausen_studio/barkhausen_studio/kernel/measurement_devices/measurement_device"/>
				<Option object_output="./"/>
				<Option type="2"/>
				<Option compiler="gcc"/>
				<Compiler>
					<Add option="-DQT_CORE_LIB"/>
					<Add option="-DQT_WIDGETS_LIB"/>
					<Add option="-DQT_GUI_LIB"/>
					<Add directory="/home/fkafka/QtProjects/Barkhausen_studio/barkhausen_studio/kernel/measurement_devices/measurement_device"/>
					<Add directory="/home/fkafka/QtProjects/Barkhausen_studio/barkhausen_studio/kernel/measurement_devices/measurement_device/measurement_device_autogen/include"/>
					<Add directory="/home/fkafka/QtProjects/Barkhausen_studio/barkhausen_studio/kernel/measurement_devices/measurement_device/src"/>
					<Add directory="/home/fkafka/QtProjects/Barkhausen_studio/barkhausen_studio/kernel/measurement_devices/measurement_device/include"/>
					<Add directory="/home/fkafka/QtProjects/Barkhausen_studio/barkhausen_studio/kernel/measurement_devices/measurement_device/measurement_device_core_interface/include"/>
					<Add directory="/home/fkafka/QtProjects/Barkhausen_studio/barkhausen_studio/kernel/measurement_devices/measurement_device/usbtmc/include"/>
					<Add directory="/home/fkafka/QtProjects/Barkhausen_studio/barkhausen_studio/kernel/measurement_devices/command_list/measurement_device"/>
					<Add directory="/home/fkafka/QtProjects/Barkhausen_studio/barkhausen_studio/settings/include"/>
					<Add directory="/home/fkafka/QtProjects/Barkhausen_studio/barkhausen_studio/kernel/command_creator/include"/>
					<Add directory="/home/fkafka/QtProjects/Barkhausen_studio/barkhausen_studio/utility/include"/>
					<Add directory="/home/fkafka/QtProjects/Barkhausen_studio/ui/command_list/main_window"/>
					<Add directory="/home/fkafka/rpi/qt5.15/include"/>
					<Add directory="/home/fkafka/rpi/qt5.15/include/QtCore"/>
					<Add directory="/home/fkafka/rpi/qt5.15/./mkspecs/devices/linux-rasp-pi4-v3d-g++"/>
					<Add directory="/home/fkafka/rpi/qt5.15/include/QtWidgets"/>
					<Add directory="/home/fkafka/rpi/qt5.15/include/QtGui"/>
					<Add directory="/usr/include"/>
				</Compiler>
				<MakeCommands>
					<Build command="/usr/bin/make -f &quot;/home/fkafka/QtProjects/Barkhausen_studio/barkhausen_studio/kernel/measurement_devices/measurement_device/Makefile&quot;  VERBOSE=1 measurement_device/fast"/>
					<CompileFile command="/usr/bin/make -f &quot;/home/fkafka/QtProjects/Barkhausen_studio/barkhausen_studio/kernel/measurement_devices/measurement_device/Makefile&quot;  VERBOSE=1 &quot;$file&quot;"/>
					<Clean command="/usr/bin/make -f &quot;/home/fkafka/QtProjects/Barkhausen_studio/barkhausen_studio/kernel/measurement_devices/measurement_device/Makefile&quot;  VERBOSE=1 clean"/>
					<DistClean command="/usr/bin/make -f &quot;/home/fkafka/QtProjects/Barkhausen_studio/barkhausen_studio/kernel/measurement_devices/measurement_device/Makefile&quot;  VERBOSE=1 clean"/>
				</MakeCommands>
			</Target>
			<Target title="measurement_device_autogen">
				<Option working_dir="/home/fkafka/QtProjects/Barkhausen_studio/barkhausen_studio/kernel/measurement_devices/measurement_device"/>
				<Option type="4"/>
				<MakeCommands>
					<Build command="/usr/bin/make -f &quot;/home/fkafka/QtProjects/Barkhausen_studio/barkhausen_studio/kernel/measurement_devices/measurement_device/Makefile&quot;  VERBOSE=1 measurement_device_autogen"/>
					<CompileFile command="/usr/bin/make -f &quot;/home/fkafka/QtProjects/Barkhausen_studio/barkhausen_studio/kernel/measurement_devices/measurement_device/Makefile&quot;  VERBOSE=1 &quot;$file&quot;"/>
					<Clean command="/usr/bin/make -f &quot;/home/fkafka/QtProjects/Barkhausen_studio/barkhausen_studio/kernel/measurement_devices/measurement_device/Makefile&quot;  VERBOSE=1 clean"/>
					<DistClean command="/usr/bin/make -f &quot;/home/fkafka/QtProjects/Barkhausen_studio/barkhausen_studio/kernel/measurement_devices/measurement_device/Makefile&quot;  VERBOSE=1 clean"/>
				</MakeCommands>
			</Target>
			<Target title="usbtmc_python">
				<Option output="/home/fkafka/QtProjects/Barkhausen_studio/barkhausen_studio/kernel/measurement_devices/measurement_device/usbtmc/libusbtmc_python.a" prefix_auto="0" extension_auto="0"/>
				<Option working_dir="/home/fkafka/QtProjects/Barkhausen_studio/barkhausen_studio/kernel/measurement_devices/measurement_device/usbtmc"/>
				<Option object_output="./"/>
				<Option type="2"/>
				<Option compiler="gcc"/>
				<Compiler>
					<Add directory="/home/fkafka/QtProjects/Barkhausen_studio/barkhausen_studio/kernel/measurement_devices/measurement_device/usbtmc"/>
					<Add directory="/usr/include/python2.7"/>
					<Add directory="/home/fkafka/QtProjects/Barkhausen_studio/barkhausen_studio/kernel/measurement_devices/measurement_device/usbtmc/src"/>
					<Add directory="/home/fkafka/QtProjects/Barkhausen_studio/barkhausen_studio/kernel/measurement_devices/measurement_device/usbtmc/include"/>
				</Compiler>
				<MakeCommands>
					<Build command="/usr/bin/make -f &quot;/home/fkafka/QtProjects/Barkhausen_studio/barkhausen_studio/kernel/measurement_devices/measurement_device/usbtmc/Makefile&quot;  VERBOSE=1 usbtmc_python"/>
					<CompileFile command="/usr/bin/make -f &quot;/home/fkafka/QtProjects/Barkhausen_studio/barkhausen_studio/kernel/measurement_devices/measurement_device/usbtmc/Makefile&quot;  VERBOSE=1 &quot;$file&quot;"/>
					<Clean command="/usr/bin/make -f &quot;/home/fkafka/QtProjects/Barkhausen_studio/barkhausen_studio/kernel/measurement_devices/measurement_device/usbtmc/Makefile&quot;  VERBOSE=1 clean"/>
					<DistClean command="/usr/bin/make -f &quot;/home/fkafka/QtProjects/Barkhausen_studio/barkhausen_studio/kernel/measurement_devices/measurement_device/usbtmc/Makefile&quot;  VERBOSE=1 clean"/>
				</MakeCommands>
			</Target>
			<Target title="usbtmc_python/fast">
				<Option output="/home/fkafka/QtProjects/Barkhausen_studio/barkhausen_studio/kernel/measurement_devices/measurement_device/usbtmc/libusbtmc_python.a" prefix_auto="0" extension_auto="0"/>
				<Option working_dir="/home/fkafka/QtProjects/Barkhausen_studio/barkhausen_studio/kernel/measurement_devices/measurement_device/usbtmc"/>
				<Option object_output="./"/>
				<Option type="2"/>
				<Option compiler="gcc"/>
				<Compiler>
					<Add directory="/home/fkafka/QtProjects/Barkhausen_studio/barkhausen_studio/kernel/measurement_devices/measurement_device/usbtmc"/>
					<Add directory="/usr/include/python2.7"/>
					<Add directory="/home/fkafka/QtProjects/Barkhausen_studio/barkhausen_studio/kernel/measurement_devices/measurement_device/usbtmc/src"/>
					<Add directory="/home/fkafka/QtProjects/Barkhausen_studio/barkhausen_studio/kernel/measurement_devices/measurement_device/usbtmc/include"/>
				</Compiler>
				<MakeCommands>
					<Build command="/usr/bin/make -f &quot;/home/fkafka/QtProjects/Barkhausen_studio/barkhausen_studio/kernel/measurement_devices/measurement_device/usbtmc/Makefile&quot;  VERBOSE=1 usbtmc_python/fast"/>
					<CompileFile command="/usr/bin/make -f &quot;/home/fkafka/QtProjects/Barkhausen_studio/barkhausen_studio/kernel/measurement_devices/measurement_device/usbtmc/Makefile&quot;  VERBOSE=1 &quot;$file&quot;"/>
					<Clean command="/usr/bin/make -f &quot;/home/fkafka/QtProjects/Barkhausen_studio/barkhausen_studio/kernel/measurement_devices/measurement_device/usbtmc/Makefile&quot;  VERBOSE=1 clean"/>
					<DistClean command="/usr/bin/make -f &quot;/home/fkafka/QtProjects/Barkhausen_studio/barkhausen_studio/kernel/measurement_devices/measurement_device/usbtmc/Makefile&quot;  VERBOSE=1 clean"/>
				</MakeCommands>
			</Target>
			<Target title="usbtmc_device_finder">
				<Option output="/home/fkafka/QtProjects/Barkhausen_studio/barkhausen_studio/kernel/measurement_devices/measurement_device/usbtmc_device_finder/libusbtmc_device_finder.a" prefix_auto="0" extension_auto="0"/>
				<Option working_dir="/home/fkafka/QtProjects/Barkhausen_studio/barkhausen_studio/kernel/measurement_devices/measurement_device/usbtmc_device_finder"/>
				<Option object_output="./"/>
				<Option type="2"/>
				<Option compiler="gcc"/>
				<Compiler>
					<Add directory="/home/fkafka/QtProjects/Barkhausen_studio/barkhausen_studio/kernel/measurement_devices/measurement_device/usbtmc_device_finder"/>
					<Add directory="/usr/include/python2.7"/>
					<Add directory="/home/fkafka/QtProjects/Barkhausen_studio/barkhausen_studio/kernel/measurement_devices/measurement_device/usbtmc_device_finder/src"/>
					<Add directory="/home/fkafka/QtProjects/Barkhausen_studio/barkhausen_studio/kernel/measurement_devices/measurement_device/usbtmc_device_finder/include"/>
				</Compiler>
				<MakeCommands>
					<Build command="/usr/bin/make -f &quot;/home/fkafka/QtProjects/Barkhausen_studio/barkhausen_studio/kernel/measurement_devices/measurement_device/usbtmc_device_finder/Makefile&quot;  VERBOSE=1 usbtmc_device_finder"/>
					<CompileFile command="/usr/bin/make -f &quot;/home/fkafka/QtProjects/Barkhausen_studio/barkhausen_studio/kernel/measurement_devices/measurement_device/usbtmc_device_finder/Makefile&quot;  VERBOSE=1 &quot;$file&quot;"/>
					<Clean command="/usr/bin/make -f &quot;/home/fkafka/QtProjects/Barkhausen_studio/barkhausen_studio/kernel/measurement_devices/measurement_device/usbtmc_device_finder/Makefile&quot;  VERBOSE=1 clean"/>
					<DistClean command="/usr/bin/make -f &quot;/home/fkafka/QtProjects/Barkhausen_studio/barkhausen_studio/kernel/measurement_devices/measurement_device/usbtmc_device_finder/Makefile&quot;  VERBOSE=1 clean"/>
				</MakeCommands>
			</Target>
			<Target title="usbtmc_device_finder/fast">
				<Option output="/home/fkafka/QtProjects/Barkhausen_studio/barkhausen_studio/kernel/measurement_devices/measurement_device/usbtmc_device_finder/libusbtmc_device_finder.a" prefix_auto="0" extension_auto="0"/>
				<Option working_dir="/home/fkafka/QtProjects/Barkhausen_studio/barkhausen_studio/kernel/measurement_devices/measurement_device/usbtmc_device_finder"/>
				<Option object_output="./"/>
				<Option type="2"/>
				<Option compiler="gcc"/>
				<Compiler>
					<Add directory="/home/fkafka/QtProjects/Barkhausen_studio/barkhausen_studio/kernel/measurement_devices/measurement_device/usbtmc_device_finder"/>
					<Add directory="/usr/include/python2.7"/>
					<Add directory="/home/fkafka/QtProjects/Barkhausen_studio/barkhausen_studio/kernel/measurement_devices/measurement_device/usbtmc_device_finder/src"/>
					<Add directory="/home/fkafka/QtProjects/Barkhausen_studio/barkhausen_studio/kernel/measurement_devices/measurement_device/usbtmc_device_finder/include"/>
				</Compiler>
				<MakeCommands>
					<Build command="/usr/bin/make -f &quot;/home/fkafka/QtProjects/Barkhausen_studio/barkhausen_studio/kernel/measurement_devices/measurement_device/usbtmc_device_finder/Makefile&quot;  VERBOSE=1 usbtmc_device_finder/fast"/>
					<CompileFile command="/usr/bin/make -f &quot;/home/fkafka/QtProjects/Barkhausen_studio/barkhausen_studio/kernel/measurement_devices/measurement_device/usbtmc_device_finder/Makefile&quot;  VERBOSE=1 &quot;$file&quot;"/>
					<Clean command="/usr/bin/make -f &quot;/home/fkafka/QtProjects/Barkhausen_studio/barkhausen_studio/kernel/measurement_devices/measurement_device/usbtmc_device_finder/Makefile&quot;  VERBOSE=1 clean"/>
					<DistClean command="/usr/bin/make -f &quot;/home/fkafka/QtProjects/Barkhausen_studio/barkhausen_studio/kernel/measurement_devices/measurement_device/usbtmc_device_finder/Makefile&quot;  VERBOSE=1 clean"/>
				</MakeCommands>
			</Target>
			<Target title="exceptions">
				<Option output="/home/fkafka/QtProjects/Barkhausen_studio/barkhausen_studio/exceptions/libexceptions.a" prefix_auto="0" extension_auto="0"/>
				<Option working_dir="/home/fkafka/QtProjects/Barkhausen_studio/barkhausen_studio/exceptions"/>
				<Option object_output="./"/>
				<Option type="2"/>
				<Option compiler="gcc"/>
				<Compiler>
					<Add directory="/home/fkafka/QtProjects/Barkhausen_studio/barkhausen_studio/exceptions"/>
					<Add directory="/home/fkafka/QtProjects/Barkhausen_studio/barkhausen_studio/exceptions/src"/>
					<Add directory="/home/fkafka/QtProjects/Barkhausen_studio/barkhausen_studio/exceptions/include"/>
				</Compiler>
				<MakeCommands>
					<Build command="/usr/bin/make -f &quot;/home/fkafka/QtProjects/Barkhausen_studio/barkhausen_studio/exceptions/Makefile&quot;  VERBOSE=1 exceptions"/>
					<CompileFile command="/usr/bin/make -f &quot;/home/fkafka/QtProjects/Barkhausen_studio/barkhausen_studio/exceptions/Makefile&quot;  VERBOSE=1 &quot;$file&quot;"/>
					<Clean command="/usr/bin/make -f &quot;/home/fkafka/QtProjects/Barkhausen_studio/barkhausen_studio/exceptions/Makefile&quot;  VERBOSE=1 clean"/>
					<DistClean command="/usr/bin/make -f &quot;/home/fkafka/QtProjects/Barkhausen_studio/barkhausen_studio/exceptions/Makefile&quot;  VERBOSE=1 clean"/>
				</MakeCommands>
			</Target>
			<Target title="exceptions/fast">
				<Option output="/home/fkafka/QtProjects/Barkhausen_studio/barkhausen_studio/exceptions/libexceptions.a" prefix_auto="0" extension_auto="0"/>
				<Option working_dir="/home/fkafka/QtProjects/Barkhausen_studio/barkhausen_studio/exceptions"/>
				<Option object_output="./"/>
				<Option type="2"/>
				<Option compiler="gcc"/>
				<Compiler>
					<Add directory="/home/fkafka/QtProjects/Barkhausen_studio/barkhausen_studio/exceptions"/>
					<Add directory="/home/fkafka/QtProjects/Barkhausen_studio/barkhausen_studio/exceptions/src"/>
					<Add directory="/home/fkafka/QtProjects/Barkhausen_studio/barkhausen_studio/exceptions/include"/>
				</Compiler>
				<MakeCommands>
					<Build command="/usr/bin/make -f &quot;/home/fkafka/QtProjects/Barkhausen_studio/barkhausen_studio/exceptions/Makefile&quot;  VERBOSE=1 exceptions/fast"/>
					<CompileFile command="/usr/bin/make -f &quot;/home/fkafka/QtProjects/Barkhausen_studio/barkhausen_studio/exceptions/Makefile&quot;  VERBOSE=1 &quot;$file&quot;"/>
					<Clean command="/usr/bin/make -f &quot;/home/fkafka/QtProjects/Barkhausen_studio/barkhausen_studio/exceptions/Makefile&quot;  VERBOSE=1 clean"/>
					<DistClean command="/usr/bin/make -f &quot;/home/fkafka/QtProjects/Barkhausen_studio/barkhausen_studio/exceptions/Makefile&quot;  VERBOSE=1 clean"/>
				</MakeCommands>
			</Target>
		</Build>
		<Unit filename="/home/fkafka/QtProjects/Barkhausen_studio/barkhausen_studio/exceptions/src/exceptions.cpp">
			<Option target="exceptions"/>
		</Unit>
		<Unit filename="/home/fkafka/QtProjects/Barkhausen_studio/barkhausen_studio/kernel/api/src/barkhausen_studio.cpp">
			<Option target="api"/>
		</Unit>
		<Unit filename="/home/fkafka/QtProjects/Barkhausen_studio/barkhausen_studio/kernel/api/src/main.cpp">
			<Option target="api"/>
		</Unit>
		<Unit filename="/home/fkafka/QtProjects/Barkhausen_studio/barkhausen_studio/kernel/command_multiplexer/include/moc_modules_holder.cpp">
			<Option target="module_multiplexer"/>
		</Unit>
		<Unit filename="/home/fkafka/QtProjects/Barkhausen_studio/barkhausen_studio/kernel/command_multiplexer/include/moc_modules_holder.cpp.rule">
			<Option target="module_multiplexer"/>
		</Unit>
		<Unit filename="/home/fkafka/QtProjects/Barkhausen_studio/barkhausen_studio/kernel/command_multiplexer/module_multiplexer_autogen/mocs_compilation.cpp">
			<Option target="module_multiplexer"/>
		</Unit>
		<Unit filename="/home/fkafka/QtProjects/Barkhausen_studio/barkhausen_studio/kernel/command_multiplexer/src/modules_holder.cpp">
			<Option target="module_multiplexer"/>
		</Unit>
		<Unit filename="/home/fkafka/QtProjects/Barkhausen_studio/barkhausen_studio/kernel/measurement_devices/measurement_device/include/moc_measurement_device.cpp">
			<Option target="measurement_device"/>
		</Unit>
		<Unit filename="/home/fkafka/QtProjects/Barkhausen_studio/barkhausen_studio/kernel/measurement_devices/measurement_device/include/moc_measurement_device.cpp.rule">
			<Option target="measurement_device"/>
		</Unit>
		<Unit filename="/home/fkafka/QtProjects/Barkhausen_studio/barkhausen_studio/kernel/measurement_devices/measurement_device/include/moc_measurement_device_worker.cpp">
			<Option target="measurement_device"/>
		</Unit>
		<Unit filename="/home/fkafka/QtProjects/Barkhausen_studio/barkhausen_studio/kernel/measurement_devices/measurement_device/include/moc_measurement_device_worker.cpp.rule">
			<Option target="measurement_device"/>
		</Unit>
		<Unit filename="/home/fkafka/QtProjects/Barkhausen_studio/barkhausen_studio/kernel/measurement_devices/measurement_device/measurement_device_autogen/mocs_compilation.cpp">
			<Option target="measurement_device"/>
		</Unit>
		<Unit filename="/home/fkafka/QtProjects/Barkhausen_studio/barkhausen_studio/kernel/measurement_devices/measurement_device/src/measurement_device.cpp">
			<Option target="measurement_device"/>
		</Unit>
		<Unit filename="/home/fkafka/QtProjects/Barkhausen_studio/barkhausen_studio/kernel/measurement_devices/measurement_device/src/measurement_device_worker.cpp">
			<Option target="measurement_device"/>
		</Unit>
		<Unit filename="/home/fkafka/QtProjects/Barkhausen_studio/barkhausen_studio/kernel/measurement_devices/measurement_device/src/measuremet_device_core.cpp">
			<Option target="measurement_device"/>
		</Unit>
		<Unit filename="/home/fkafka/QtProjects/Barkhausen_studio/barkhausen_studio/kernel/measurement_devices/measurement_device/usbtmc/src/agilent_u2541a_python.cpp">
			<Option target="usbtmc_python"/>
		</Unit>
		<Unit filename="/home/fkafka/QtProjects/Barkhausen_studio/barkhausen_studio/kernel/measurement_devices/measurement_device/usbtmc_device_finder/src/usbtmc_device_finder_python.cpp">
			<Option target="usbtmc_device_finder"/>
		</Unit>
		<Unit filename="/home/fkafka/QtProjects/Barkhausen_studio/ui/MainWindow/acquisition_menu/acquisition_menu/include/moc_acquisition_menu.cpp">
			<Option target="acquisition_menu_impl"/>
		</Unit>
		<Unit filename="/home/fkafka/QtProjects/Barkhausen_studio/ui/MainWindow/acquisition_menu/acquisition_menu/include/moc_acquisition_menu.cpp.rule">
			<Option target="acquisition_menu_impl"/>
		</Unit>
		<Unit filename="/home/fkafka/QtProjects/Barkhausen_studio/ui/MainWindow/acquisition_menu/acquisition_menu/src/acquisition_menu.cpp">
			<Option target="acquisition_menu_impl"/>
		</Unit>
		<Unit filename="/home/fkafka/QtProjects/Barkhausen_studio/ui/MainWindow/acquisition_menu/acquisition_menu_impl_autogen/mocs_compilation.cpp">
			<Option target="acquisition_menu_impl"/>
		</Unit>
		<Unit filename="/home/fkafka/QtProjects/Barkhausen_studio/ui/MainWindow/acquisition_menu/acquisition_settings_menu/include/moc_acquisition_settings_menu.cpp">
			<Option target="acquisition_menu_impl"/>
		</Unit>
		<Unit filename="/home/fkafka/QtProjects/Barkhausen_studio/ui/MainWindow/acquisition_menu/acquisition_settings_menu/include/moc_acquisition_settings_menu.cpp.rule">
			<Option target="acquisition_menu_impl"/>
		</Unit>
		<Unit filename="/home/fkafka/QtProjects/Barkhausen_studio/ui/MainWindow/acquisition_menu/acquisition_settings_menu/src/acquisition_settings_menu.cpp">
			<Option target="acquisition_menu_impl"/>
		</Unit>
		<Unit filename="/home/fkafka/QtProjects/Barkhausen_studio/ui/MainWindow/acquisition_menu/acquisition_settings_window/include/moc_acqsettingswidget.cpp">
			<Option target="acquisition_menu_impl"/>
		</Unit>
		<Unit filename="/home/fkafka/QtProjects/Barkhausen_studio/ui/MainWindow/acquisition_menu/acquisition_settings_window/include/moc_acqsettingswidget.cpp.rule">
			<Option target="acquisition_menu_impl"/>
		</Unit>
		<Unit filename="/home/fkafka/QtProjects/Barkhausen_studio/ui/MainWindow/acquisition_menu/acquisition_settings_window/src/AcqSettingsWidget.ui">
			<Option target="main_window"/>
			<Option target="acquisition_menu_impl"/>
		</Unit>
		<Unit filename="/home/fkafka/QtProjects/Barkhausen_studio/ui/MainWindow/acquisition_menu/acquisition_settings_window/src/acqsettingswidget.cpp">
			<Option target="acquisition_menu_impl"/>
		</Unit>
		<Unit filename="/home/fkafka/QtProjects/Barkhausen_studio/ui/MainWindow/acquisition_menu/ui_AcqSettingsWidget.h">
			<Option target="acquisition_menu_impl"/>
		</Unit>
		<Unit filename="/home/fkafka/QtProjects/Barkhausen_studio/ui/MainWindow/include/moc_main_menu.cpp">
			<Option target="main_window"/>
		</Unit>
		<Unit filename="/home/fkafka/QtProjects/Barkhausen_studio/ui/MainWindow/include/moc_main_menu.cpp.rule">
			<Option target="main_window"/>
		</Unit>
		<Unit filename="/home/fkafka/QtProjects/Barkhausen_studio/ui/MainWindow/include/moc_mainwindow.cpp">
			<Option target="main_window"/>
		</Unit>
		<Unit filename="/home/fkafka/QtProjects/Barkhausen_studio/ui/MainWindow/include/moc_mainwindow.cpp.rule">
			<Option target="main_window"/>
		</Unit>
		<Unit filename="/home/fkafka/QtProjects/Barkhausen_studio/ui/MainWindow/main_window_autogen/mocs_compilation.cpp">
			<Option target="main_window"/>
		</Unit>
		<Unit filename="/home/fkafka/QtProjects/Barkhausen_studio/ui/MainWindow/src/main_menu.cpp">
			<Option target="main_window"/>
		</Unit>
		<Unit filename="/home/fkafka/QtProjects/Barkhausen_studio/ui/MainWindow/src/mainwindow.cpp">
			<Option target="main_window"/>
		</Unit>
		<Unit filename="/home/fkafka/QtProjects/Barkhausen_studio/ui/MainWindow/src/mainwindow.ui">
			<Option target="main_window"/>
		</Unit>
		<Unit filename="/home/fkafka/QtProjects/Barkhausen_studio/ui/MainWindow/ui_AcqSettingsWidget.h">
			<Option target="main_window"/>
		</Unit>
		<Unit filename="/home/fkafka/QtProjects/Barkhausen_studio/ui/MainWindow/ui_mainwindow.h">
			<Option target="main_window"/>
		</Unit>
		<Unit filename="/home/fkafka/QtProjects/Barkhausen_studio/ui/current_chart/current_chart_autogen/mocs_compilation.cpp">
			<Option target="current_chart"/>
		</Unit>
		<Unit filename="/home/fkafka/QtProjects/Barkhausen_studio/ui/current_chart/include/moc_currentchart.cpp">
			<Option target="current_chart"/>
		</Unit>
		<Unit filename="/home/fkafka/QtProjects/Barkhausen_studio/ui/current_chart/include/moc_currentchart.cpp.rule">
			<Option target="current_chart"/>
		</Unit>
		<Unit filename="/home/fkafka/QtProjects/Barkhausen_studio/ui/current_chart/src/currentchart.cpp">
			<Option target="current_chart"/>
		</Unit>
		<Unit filename="/home/fkafka/QtProjects/Barkhausen_studio/ui/current_chart/src/currentchart.ui">
			<Option target="current_chart"/>
		</Unit>
		<Unit filename="/home/fkafka/QtProjects/Barkhausen_studio/ui/current_chart/ui_currentchart.h">
			<Option target="current_chart"/>
		</Unit>
		<Unit filename="/home/fkafka/QtProjects/Barkhausen_studio/CMakeLists.txt">
			<Option virtualFolder="CMake Files\"/>
		</Unit>
		<Unit filename="/home/fkafka/QtProjects/Barkhausen_studio/ui/CMakeLists.txt">
			<Option virtualFolder="CMake Files\ui\"/>
		</Unit>
		<Unit filename="/home/fkafka/QtProjects/Barkhausen_studio/ui/MainWindow/CMakeLists.txt">
			<Option virtualFolder="CMake Files\ui\MainWindow\"/>
		</Unit>
		<Unit filename="/home/fkafka/QtProjects/Barkhausen_studio/ui/MainWindow/acquisition_menu/CMakeLists.txt">
			<Option virtualFolder="CMake Files\ui\MainWindow\acquisition_menu\"/>
		</Unit>
		<Unit filename="/home/fkafka/QtProjects/Barkhausen_studio/ui/current_chart/CMakeLists.txt">
			<Option virtualFolder="CMake Files\ui\current_chart\"/>
		</Unit>
		<Unit filename="/home/fkafka/QtProjects/Barkhausen_studio/ui/command_list/CMakeLists.txt">
			<Option virtualFolder="CMake Files\ui\command_list\"/>
		</Unit>
		<Unit filename="/home/fkafka/QtProjects/Barkhausen_studio/../../rpi/qt5.15/lib/cmake/Qt5/Qt5Config.cmake">
			<Option virtualFolder="CMake Files\..\..\rpi\qt5.15\lib\cmake\Qt5\"/>
		</Unit>
		<Unit filename="/home/fkafka/QtProjects/Barkhausen_studio/../../rpi/qt5.15/lib/cmake/Qt5/Qt5ConfigVersion.cmake">
			<Option virtualFolder="CMake Files\..\..\rpi\qt5.15\lib\cmake\Qt5\"/>
		</Unit>
		<Unit filename="/home/fkafka/QtProjects/Barkhausen_studio/../../rpi/qt5.15/lib/cmake/Qt5/Qt5ModuleLocation.cmake">
			<Option virtualFolder="CMake Files\..\..\rpi\qt5.15\lib\cmake\Qt5\"/>
		</Unit>
		<Unit filename="/home/fkafka/QtProjects/Barkhausen_studio/../../rpi/qt5.15/lib/cmake/Qt5Widgets/Qt5WidgetsConfig.cmake">
			<Option virtualFolder="CMake Files\..\..\rpi\qt5.15\lib\cmake\Qt5Widgets\"/>
		</Unit>
		<Unit filename="/home/fkafka/QtProjects/Barkhausen_studio/../../rpi/qt5.15/lib/cmake/Qt5Widgets/Qt5WidgetsConfigExtras.cmake">
			<Option virtualFolder="CMake Files\..\..\rpi\qt5.15\lib\cmake\Qt5Widgets\"/>
		</Unit>
		<Unit filename="/home/fkafka/QtProjects/Barkhausen_studio/../../rpi/qt5.15/lib/cmake/Qt5Widgets/Qt5WidgetsConfigVersion.cmake">
			<Option virtualFolder="CMake Files\..\..\rpi\qt5.15\lib\cmake\Qt5Widgets\"/>
		</Unit>
		<Unit filename="/home/fkafka/QtProjects/Barkhausen_studio/../../rpi/qt5.15/lib/cmake/Qt5Widgets/Qt5WidgetsMacros.cmake">
			<Option virtualFolder="CMake Files\..\..\rpi\qt5.15\lib\cmake\Qt5Widgets\"/>
		</Unit>
		<Unit filename="/home/fkafka/QtProjects/Barkhausen_studio/../../rpi/qt5.15/lib/cmake/Qt5Gui/Qt5GuiConfig.cmake">
			<Option virtualFolder="CMake Files\..\..\rpi\qt5.15\lib\cmake\Qt5Gui\"/>
		</Unit>
		<Unit filename="/home/fkafka/QtProjects/Barkhausen_studio/../../rpi/qt5.15/lib/cmake/Qt5Gui/Qt5GuiConfigExtras.cmake">
			<Option virtualFolder="CMake Files\..\..\rpi\qt5.15\lib\cmake\Qt5Gui\"/>
		</Unit>
		<Unit filename="/home/fkafka/QtProjects/Barkhausen_studio/../../rpi/qt5.15/lib/cmake/Qt5Gui/Qt5GuiConfigVersion.cmake">
			<Option virtualFolder="CMake Files\..\..\rpi\qt5.15\lib\cmake\Qt5Gui\"/>
		</Unit>
		<Unit filename="/home/fkafka/QtProjects/Barkhausen_studio/../../rpi/qt5.15/lib/cmake/Qt5Gui/Qt5Gui_QComposePlatformInputContextPlugin.cmake">
			<Option virtualFolder="CMake Files\..\..\rpi\qt5.15\lib\cmake\Qt5Gui\"/>
		</Unit>
		<Unit filename="/home/fkafka/QtProjects/Barkhausen_studio/../../rpi/qt5.15/lib/cmake/Qt5Gui/Qt5Gui_QEglFSEmulatorIntegrationPlugin.cmake">
			<Option virtualFolder="CMake Files\..\..\rpi\qt5.15\lib\cmake\Qt5Gui\"/>
		</Unit>
		<Unit filename="/home/fkafka/QtProjects/Barkhausen_studio/../../rpi/qt5.15/lib/cmake/Qt5Gui/Qt5Gui_QEglFSIntegrationPlugin.cmake">
			<Option virtualFolder="CMake Files\..\..\rpi\qt5.15\lib\cmake\Qt5Gui\"/>
		</Unit>
		<Unit filename="/home/fkafka/QtProjects/Barkhausen_studio/../../rpi/qt5.15/lib/cmake/Qt5Gui/Qt5Gui_QEglFSKmsEglDeviceIntegrationPlugin.cmake">
			<Option virtualFolder="CMake Files\..\..\rpi\qt5.15\lib\cmake\Qt5Gui\"/>
		</Unit>
		<Unit filename="/home/fkafka/QtProjects/Barkhausen_studio/../../rpi/qt5.15/lib/cmake/Qt5Gui/Qt5Gui_QEglFSKmsGbmIntegrationPlugin.cmake">
			<Option virtualFolder="CMake Files\..\..\rpi\qt5.15\lib\cmake\Qt5Gui\"/>
		</Unit>
		<Unit filename="/home/fkafka/QtProjects/Barkhausen_studio/../../rpi/qt5.15/lib/cmake/Qt5Gui/Qt5Gui_QEglFSX11IntegrationPlugin.cmake">
			<Option virtualFolder="CMake Files\..\..\rpi\qt5.15\lib\cmake\Qt5Gui\"/>
		</Unit>
		<Unit filename="/home/fkafka/QtProjects/Barkhausen_studio/../../rpi/qt5.15/lib/cmake/Qt5Gui/Qt5Gui_QEvdevKeyboardPlugin.cmake">
			<Option virtualFolder="CMake Files\..\..\rpi\qt5.15\lib\cmake\Qt5Gui\"/>
		</Unit>
		<Unit filename="/home/fkafka/QtProjects/Barkhausen_studio/../../rpi/qt5.15/lib/cmake/Qt5Gui/Qt5Gui_QEvdevMousePlugin.cmake">
			<Option virtualFolder="CMake Files\..\..\rpi\qt5.15\lib\cmake\Qt5Gui\"/>
		</Unit>
		<Unit filename="/home/fkafka/QtProjects/Barkhausen_studio/../../rpi/qt5.15/lib/cmake/Qt5Gui/Qt5Gui_QEvdevTabletPlugin.cmake">
			<Option virtualFolder="CMake Files\..\..\rpi\qt5.15\lib\cmake\Qt5Gui\"/>
		</Unit>
		<Unit filename="/home/fkafka/QtProjects/Barkhausen_studio/../../rpi/qt5.15/lib/cmake/Qt5Gui/Qt5Gui_QEvdevTouchScreenPlugin.cmake">
			<Option virtualFolder="CMake Files\..\..\rpi\qt5.15\lib\cmake\Qt5Gui\"/>
		</Unit>
		<Unit filename="/home/fkafka/QtProjects/Barkhausen_studio/../../rpi/qt5.15/lib/cmake/Qt5Gui/Qt5Gui_QGifPlugin.cmake">
			<Option virtualFolder="CMake Files\..\..\rpi\qt5.15\lib\cmake\Qt5Gui\"/>
		</Unit>
		<Unit filename="/home/fkafka/QtProjects/Barkhausen_studio/../../rpi/qt5.15/lib/cmake/Qt5Gui/Qt5Gui_QICNSPlugin.cmake">
			<Option virtualFolder="CMake Files\..\..\rpi\qt5.15\lib\cmake\Qt5Gui\"/>
		</Unit>
		<Unit filename="/home/fkafka/QtProjects/Barkhausen_studio/../../rpi/qt5.15/lib/cmake/Qt5Gui/Qt5Gui_QICOPlugin.cmake">
			<Option virtualFolder="CMake Files\..\..\rpi\qt5.15\lib\cmake\Qt5Gui\"/>
		</Unit>
		<Unit filename="/home/fkafka/QtProjects/Barkhausen_studio/../../rpi/qt5.15/lib/cmake/Qt5Gui/Qt5Gui_QIbusPlatformInputContextPlugin.cmake">
			<Option virtualFolder="CMake Files\..\..\rpi\qt5.15\lib\cmake\Qt5Gui\"/>
		</Unit>
		<Unit filename="/home/fkafka/QtProjects/Barkhausen_studio/../../rpi/qt5.15/lib/cmake/Qt5Gui/Qt5Gui_QJpegPlugin.cmake">
			<Option virtualFolder="CMake Files\..\..\rpi\qt5.15\lib\cmake\Qt5Gui\"/>
		</Unit>
		<Unit filename="/home/fkafka/QtProjects/Barkhausen_studio/../../rpi/qt5.15/lib/cmake/Qt5Gui/Qt5Gui_QLibInputPlugin.cmake">
			<Option virtualFolder="CMake Files\..\..\rpi\qt5.15\lib\cmake\Qt5Gui\"/>
		</Unit>
		<Unit filename="/home/fkafka/QtProjects/Barkhausen_studio/../../rpi/qt5.15/lib/cmake/Qt5Gui/Qt5Gui_QLinuxFbIntegrationPlugin.cmake">
			<Option virtualFolder="CMake Files\..\..\rpi\qt5.15\lib\cmake\Qt5Gui\"/>
		</Unit>
		<Unit filename="/home/fkafka/QtProjects/Barkhausen_studio/../../rpi/qt5.15/lib/cmake/Qt5Gui/Qt5Gui_QMinimalEglIntegrationPlugin.cmake">
			<Option virtualFolder="CMake Files\..\..\rpi\qt5.15\lib\cmake\Qt5Gui\"/>
		</Unit>
		<Unit filename="/home/fkafka/QtProjects/Barkhausen_studio/../../rpi/qt5.15/lib/cmake/Qt5Gui/Qt5Gui_QMinimalIntegrationPlugin.cmake">
			<Option virtualFolder="CMake Files\..\..\rpi\qt5.15\lib\cmake\Qt5Gui\"/>
		</Unit>
		<Unit filename="/home/fkafka/QtProjects/Barkhausen_studio/../../rpi/qt5.15/lib/cmake/Qt5Gui/Qt5Gui_QOffscreenIntegrationPlugin.cmake">
			<Option virtualFolder="CMake Files\..\..\rpi\qt5.15\lib\cmake\Qt5Gui\"/>
		</Unit>
		<Unit filename="/home/fkafka/QtProjects/Barkhausen_studio/../../rpi/qt5.15/lib/cmake/Qt5Gui/Qt5Gui_QSvgIconPlugin.cmake">
			<Option virtualFolder="CMake Files\..\..\rpi\qt5.15\lib\cmake\Qt5Gui\"/>
		</Unit>
		<Unit filename="/home/fkafka/QtProjects/Barkhausen_studio/../../rpi/qt5.15/lib/cmake/Qt5Gui/Qt5Gui_QSvgPlugin.cmake">
			<Option virtualFolder="CMake Files\..\..\rpi\qt5.15\lib\cmake\Qt5Gui\"/>
		</Unit>
		<Unit filename="/home/fkafka/QtProjects/Barkhausen_studio/../../rpi/qt5.15/lib/cmake/Qt5Gui/Qt5Gui_QTgaPlugin.cmake">
			<Option virtualFolder="CMake Files\..\..\rpi\qt5.15\lib\cmake\Qt5Gui\"/>
		</Unit>
		<Unit filename="/home/fkafka/QtProjects/Barkhausen_studio/../../rpi/qt5.15/lib/cmake/Qt5Gui/Qt5Gui_QTiffPlugin.cmake">
			<Option virtualFolder="CMake Files\..\..\rpi\qt5.15\lib\cmake\Qt5Gui\"/>
		</Unit>
		<Unit filename="/home/fkafka/QtProjects/Barkhausen_studio/../../rpi/qt5.15/lib/cmake/Qt5Gui/Qt5Gui_QTsLibPlugin.cmake">
			<Option virtualFolder="CMake Files\..\..\rpi\qt5.15\lib\cmake\Qt5Gui\"/>
		</Unit>
		<Unit filename="/home/fkafka/QtProjects/Barkhausen_studio/../../rpi/qt5.15/lib/cmake/Qt5Gui/Qt5Gui_QTuioTouchPlugin.cmake">
			<Option virtualFolder="CMake Files\..\..\rpi\qt5.15\lib\cmake\Qt5Gui\"/>
		</Unit>
		<Unit filename="/home/fkafka/QtProjects/Barkhausen_studio/../../rpi/qt5.15/lib/cmake/Qt5Gui/Qt5Gui_QVirtualKeyboardPlugin.cmake">
			<Option virtualFolder="CMake Files\..\..\rpi\qt5.15\lib\cmake\Qt5Gui\"/>
		</Unit>
		<Unit filename="/home/fkafka/QtProjects/Barkhausen_studio/../../rpi/qt5.15/lib/cmake/Qt5Gui/Qt5Gui_QVncIntegrationPlugin.cmake">
			<Option virtualFolder="CMake Files\..\..\rpi\qt5.15\lib\cmake\Qt5Gui\"/>
		</Unit>
		<Unit filename="/home/fkafka/QtProjects/Barkhausen_studio/../../rpi/qt5.15/lib/cmake/Qt5Gui/Qt5Gui_QWbmpPlugin.cmake">
			<Option virtualFolder="CMake Files\..\..\rpi\qt5.15\lib\cmake\Qt5Gui\"/>
		</Unit>
		<Unit filename="/home/fkafka/QtProjects/Barkhausen_studio/../../rpi/qt5.15/lib/cmake/Qt5Gui/Qt5Gui_QWebGLIntegrationPlugin.cmake">
			<Option virtualFolder="CMake Files\..\..\rpi\qt5.15\lib\cmake\Qt5Gui\"/>
		</Unit>
		<Unit filename="/home/fkafka/QtProjects/Barkhausen_studio/../../rpi/qt5.15/lib/cmake/Qt5Gui/Qt5Gui_QWebpPlugin.cmake">
			<Option virtualFolder="CMake Files\..\..\rpi\qt5.15\lib\cmake\Qt5Gui\"/>
		</Unit>
		<Unit filename="/home/fkafka/QtProjects/Barkhausen_studio/../../rpi/qt5.15/lib/cmake/Qt5Gui/Qt5Gui_QXcbEglIntegrationPlugin.cmake">
			<Option virtualFolder="CMake Files\..\..\rpi\qt5.15\lib\cmake\Qt5Gui\"/>
		</Unit>
		<Unit filename="/home/fkafka/QtProjects/Barkhausen_studio/../../rpi/qt5.15/lib/cmake/Qt5Gui/Qt5Gui_QXcbIntegrationPlugin.cmake">
			<Option virtualFolder="CMake Files\..\..\rpi\qt5.15\lib\cmake\Qt5Gui\"/>
		</Unit>
		<Unit filename="/home/fkafka/QtProjects/Barkhausen_studio/../../rpi/qt5.15/lib/cmake/Qt5Gui/Qt5Gui_QXdgDesktopPortalThemePlugin.cmake">
			<Option virtualFolder="CMake Files\..\..\rpi\qt5.15\lib\cmake\Qt5Gui\"/>
		</Unit>
		<Unit filename="/home/fkafka/QtProjects/Barkhausen_studio/../../rpi/qt5.15/lib/cmake/Qt5Core/Qt5CoreConfig.cmake">
			<Option virtualFolder="CMake Files\..\..\rpi\qt5.15\lib\cmake\Qt5Core\"/>
		</Unit>
		<Unit filename="/home/fkafka/QtProjects/Barkhausen_studio/../../rpi/qt5.15/lib/cmake/Qt5Core/Qt5CoreConfigExtras.cmake">
			<Option virtualFolder="CMake Files\..\..\rpi\qt5.15\lib\cmake\Qt5Core\"/>
		</Unit>
		<Unit filename="/home/fkafka/QtProjects/Barkhausen_studio/../../rpi/qt5.15/lib/cmake/Qt5Core/Qt5CoreConfigExtrasMkspecDir.cmake">
			<Option virtualFolder="CMake Files\..\..\rpi\qt5.15\lib\cmake\Qt5Core\"/>
		</Unit>
		<Unit filename="/home/fkafka/QtProjects/Barkhausen_studio/../../rpi/qt5.15/lib/cmake/Qt5Core/Qt5CoreConfigVersion.cmake">
			<Option virtualFolder="CMake Files\..\..\rpi\qt5.15\lib\cmake\Qt5Core\"/>
		</Unit>
		<Unit filename="/home/fkafka/QtProjects/Barkhausen_studio/../../rpi/qt5.15/lib/cmake/Qt5Core/Qt5CoreMacros.cmake">
			<Option virtualFolder="CMake Files\..\..\rpi\qt5.15\lib\cmake\Qt5Core\"/>
		</Unit>
		<Unit filename="/home/fkafka/QtProjects/Barkhausen_studio/../../rpi/qt5.15/lib/cmake/Qt5Charts/Qt5ChartsConfig.cmake">
			<Option virtualFolder="CMake Files\..\..\rpi\qt5.15\lib\cmake\Qt5Charts\"/>
		</Unit>
		<Unit filename="/home/fkafka/QtProjects/Barkhausen_studio/../../rpi/qt5.15/lib/cmake/Qt5Charts/Qt5ChartsConfigVersion.cmake">
			<Option virtualFolder="CMake Files\..\..\rpi\qt5.15\lib\cmake\Qt5Charts\"/>
		</Unit>
		<Unit filename="/home/fkafka/QtProjects/Barkhausen_studio/../../../../usr/lib/cmake/nlohmann_json/nlohmann_jsonConfig.cmake">
			<Option virtualFolder="CMake Files\..\..\..\..\usr\lib\cmake\nlohmann_json\"/>
		</Unit>
		<Unit filename="/home/fkafka/QtProjects/Barkhausen_studio/../../../../usr/lib/cmake/nlohmann_json/nlohmann_jsonConfigVersion.cmake">
			<Option virtualFolder="CMake Files\..\..\..\..\usr\lib\cmake\nlohmann_json\"/>
		</Unit>
		<Unit filename="/home/fkafka/QtProjects/Barkhausen_studio/../../../../usr/lib/cmake/nlohmann_json/nlohmann_jsonTargets.cmake">
			<Option virtualFolder="CMake Files\..\..\..\..\usr\lib\cmake\nlohmann_json\"/>
		</Unit>
		<Unit filename="/home/fkafka/QtProjects/Barkhausen_studio/barkhausen_studio/CMakeLists.txt">
			<Option virtualFolder="CMake Files\barkhausen_studio\"/>
		</Unit>
		<Unit filename="/home/fkafka/QtProjects/Barkhausen_studio/barkhausen_studio/kernel/CMakeLists.txt">
			<Option virtualFolder="CMake Files\barkhausen_studio\kernel\"/>
		</Unit>
		<Unit filename="/home/fkafka/QtProjects/Barkhausen_studio/barkhausen_studio/kernel/api/CMakeLists.txt">
			<Option virtualFolder="CMake Files\barkhausen_studio\kernel\api\"/>
		</Unit>
		<Unit filename="/home/fkafka/QtProjects/Barkhausen_studio/barkhausen_studio/kernel/command_multiplexer/CMakeLists.txt">
			<Option virtualFolder="CMake Files\barkhausen_studio\kernel\command_multiplexer\"/>
		</Unit>
		<Unit filename="/home/fkafka/QtProjects/Barkhausen_studio/barkhausen_studio/kernel/measurement_devices/CMakeLists.txt">
			<Option virtualFolder="CMake Files\barkhausen_studio\kernel\measurement_devices\"/>
		</Unit>
		<Unit filename="/home/fkafka/QtProjects/Barkhausen_studio/barkhausen_studio/kernel/measurement_devices/measurement_device/CMakeLists.txt">
			<Option virtualFolder="CMake Files\barkhausen_studio\kernel\measurement_devices\measurement_device\"/>
		</Unit>
		<Unit filename="/home/fkafka/QtProjects/Barkhausen_studio/barkhausen_studio/kernel/measurement_devices/measurement_device/measurement_device_core_interface/CMakeLists.txt">
			<Option virtualFolder="CMake Files\barkhausen_studio\kernel\measurement_devices\measurement_device\measurement_device_core_interface\"/>
		</Unit>
		<Unit filename="/home/fkafka/QtProjects/Barkhausen_studio/barkhausen_studio/kernel/measurement_devices/measurement_device/usbtmc/CMakeLists.txt">
			<Option virtualFolder="CMake Files\barkhausen_studio\kernel\measurement_devices\measurement_device\usbtmc\"/>
		</Unit>
		<Unit filename="/home/fkafka/QtProjects/Barkhausen_studio/barkhausen_studio/kernel/measurement_devices/measurement_device/usbtmc_device_finder/CMakeLists.txt">
			<Option virtualFolder="CMake Files\barkhausen_studio\kernel\measurement_devices\measurement_device\usbtmc_device_finder\"/>
		</Unit>
		<Unit filename="/home/fkafka/QtProjects/Barkhausen_studio/barkhausen_studio/kernel/measurement_devices/command_list/CMakeLists.txt">
			<Option virtualFolder="CMake Files\barkhausen_studio\kernel\measurement_devices\command_list\"/>
		</Unit>
		<Unit filename="/home/fkafka/QtProjects/Barkhausen_studio/barkhausen_studio/kernel/command_creator/CMakeLists.txt">
			<Option virtualFolder="CMake Files\barkhausen_studio\kernel\command_creator\"/>
		</Unit>
		<Unit filename="/home/fkafka/QtProjects/Barkhausen_studio/barkhausen_studio/exceptions/CMakeLists.txt">
			<Option virtualFolder="CMake Files\barkhausen_studio\exceptions\"/>
		</Unit>
		<Unit filename="/home/fkafka/QtProjects/Barkhausen_studio/barkhausen_studio/utility/CMakeLists.txt">
			<Option virtualFolder="CMake Files\barkhausen_studio\utility\"/>
		</Unit>
		<Unit filename="/home/fkafka/QtProjects/Barkhausen_studio/barkhausen_studio/settings/CMakeLists.txt">
			<Option virtualFolder="CMake Files\barkhausen_studio\settings\"/>
		</Unit>
		<Unit filename="/home/fkafka/QtProjects/Barkhausen_studio/external/CMakeLists.txt">
			<Option virtualFolder="CMake Files\external\"/>
		</Unit>
		<Unit filename="/home/fkafka/QtProjects/Barkhausen_studio/external/json/CMakeLists.txt">
			<Option virtualFolder="CMake Files\external\json\"/>
		</Unit>
	</Project>
</CodeBlocks_project_file>
